
Microsoft Visual Studio Solution File, Format Version 12.00
# Visual Studio 15
VisualStudioVersion = 15.0.27428.2015
MinimumVisualStudioVersion = 10.0.40219.1
Project("{FAE04EC0-301F-11D3-BF4B-00C04F79EFBC}") = "MasterDetailsNavPage.Android", "MasterDetailsNavPage\MasterDetailsNavPage.Android\MasterDetailsNavPage.Android.csproj", "{251669EF-09EC-4BD1-AA5D-3AFB2E57F922}"
EndProject
Project("{FAE04EC0-301F-11D3-BF4B-00C04F79EFBC}") = "MasterDetailsNavPage.iOS", "MasterDetailsNavPage\MasterDetailsNavPage.iOS\MasterDetailsNavPage.iOS.csproj", "{1F3E0B72-908C-47E0-B963-F6CA7BB580EF}"
EndProject
Project("{FAE04EC0-301F-11D3-BF4B-00C04F79EFBC}") = "MasterDetailsNavPage", "MasterDetailsNavPage\MasterDetailsNavPage\MasterDetailsNavPage.csproj", "{625B27AB-06CC-43BB-B415-57BBFF66FB0F}"
EndProject
Global
	GlobalSection(SolutionConfigurationPlatforms) = preSolution
		Ad-Hoc|Any CPU = Ad-Hoc|Any CPU
		Ad-Hoc|iPhone = Ad-Hoc|iPhone
		Ad-Hoc|iPhoneSimulator = Ad-Hoc|iPhoneSimulator
		AppStore|Any CPU = AppStore|Any CPU
		AppStore|iPhone = AppStore|iPhone
		AppStore|iPhoneSimulator = AppStore|iPhoneSimulator
		Debug|Any CPU = Debug|Any CPU
		Debug|iPhone = Debug|iPhone
		Debug|iPhoneSimulator = Debug|iPhoneSimulator
		Release|Any CPU = Release|Any CPU
		Release|iPhone = Release|iPhone
		Release|iPhoneSimulator = Release|iPhoneSimulator
	EndGlobalSection
	GlobalSection(ProjectConfigurationPlatforms) = postSolution
		{251669EF-09EC-4BD1-AA5D-3AFB2E57F922}.Ad-Hoc|Any CPU.ActiveCfg = Release|Any CPU
		{251669EF-09EC-4BD1-AA5D-3AFB2E57F922}.Ad-Hoc|Any CPU.Build.0 = Release|Any CPU
		{251669EF-09EC-4BD1-AA5D-3AFB2E57F922}.Ad-Hoc|Any CPU.Deploy.0 = Release|Any CPU
		{251669EF-09EC-4BD1-AA5D-3AFB2E57F922}.Ad-Hoc|iPhone.ActiveCfg = Release|Any CPU
		{251669EF-09EC-4BD1-AA5D-3AFB2E57F922}.Ad-Hoc|iPhone.Build.0 = Release|Any CPU
		{251669EF-09EC-4BD1-AA5D-3AFB2E57F922}.Ad-Hoc|iPhone.Deploy.0 = Release|Any CPU
		{251669EF-09EC-4BD1-AA5D-3AFB2E57F922}.Ad-Hoc|iPhoneSimulator.ActiveCfg = Release|Any CPU
		{251669EF-09EC-4BD1-AA5D-3AFB2E57F922}.Ad-Hoc|iPhoneSimulator.Build.0 = Release|Any CPU
		{251669EF-09EC-4BD1-AA5D-3AFB2E57F922}.Ad-Hoc|iPhoneSimulator.Deploy.0 = Release|Any CPU
		{251669EF-09EC-4BD1-AA5D-3AFB2E57F922}.AppStore|Any CPU.ActiveCfg = Release|Any CPU
		{251669EF-09EC-4BD1-AA5D-3AFB2E57F922}.AppStore|Any CPU.Build.0 = Release|Any CPU
		{251669EF-09EC-4BD1-AA5D-3AFB2E57F922}.AppStore|Any CPU.Deploy.0 = Release|Any CPU
		{251669EF-09EC-4BD1-AA5D-3AFB2E57F922}.AppStore|iPhone.ActiveCfg = Release|Any CPU
		{251669EF-09EC-4BD1-AA5D-3AFB2E57F922}.AppStore|iPhone.Build.0 = Release|Any CPU
		{251669EF-09EC-4BD1-AA5D-3AFB2E57F922}.AppStore|iPhone.Deploy.0 = Release|Any CPU
		{251669EF-09EC-4BD1-AA5D-3AFB2E57F922}.AppStore|iPhoneSimulator.ActiveCfg = Release|Any CPU
		{251669EF-09EC-4BD1-AA5D-3AFB2E57F922}.AppStore|iPhoneSimulator.Build.0 = Release|Any CPU
		{251669EF-09EC-4BD1-AA5D-3AFB2E57F922}.AppStore|iPhoneSimulator.Deploy.0 = Release|Any CPU
		{251669EF-09EC-4BD1-AA5D-3AFB2E57F922}.Debug|Any CPU.ActiveCfg = Debug|Any CPU
		{251669EF-09EC-4BD1-AA5D-3AFB2E57F922}.Debug|Any CPU.Build.0 = Debug|Any CPU
		{251669EF-09EC-4BD1-AA5D-3AFB2E57F922}.Debug|Any CPU.Deploy.0 = Debug|Any CPU
		{251669EF-09EC-4BD1-AA5D-3AFB2E57F922}.Debug|iPhone.ActiveCfg = Debug|Any CPU
		{251669EF-09EC-4BD1-AA5D-3AFB2E57F922}.Debug|iPhone.Build.0 = Debug|Any CPU
		{251669EF-09EC-4BD1-AA5D-3AFB2E57F922}.Debug|iPhone.Deploy.0 = Debug|Any CPU
		{251669EF-09EC-4BD1-AA5D-3AFB2E57F922}.Debug|iPhoneSimulator.ActiveCfg = Debug|Any CPU
		{251669EF-09EC-4BD1-AA5D-3AFB2E57F922}.Debug|iPhoneSimulator.Build.0 = Debug|Any CPU
		{251669EF-09EC-4BD1-AA5D-3AFB2E57F922}.Debug|iPhoneSimulator.Deploy.0 = Debug|Any CPU
		{251669EF-09EC-4BD1-AA5D-3AFB2E57F922}.Release|Any CPU.ActiveCfg = Release|Any CPU
		{251669EF-09EC-4BD1-AA5D-3AFB2E57F922}.Release|Any CPU.Build.0 = Release|Any CPU
		{251669EF-09EC-4BD1-AA5D-3AFB2E57F922}.Release|Any CPU.Deploy.0 = Release|Any CPU
		{251669EF-09EC-4BD1-AA5D-3AFB2E57F922}.Release|iPhone.ActiveCfg = Release|Any CPU
		{251669EF-09EC-4BD1-AA5D-3AFB2E57F922}.Release|iPhone.Build.0 = Release|Any CPU
		{251669EF-09EC-4BD1-AA5D-3AFB2E57F922}.Release|iPhone.Deploy.0 = Release|Any CPU
		{251669EF-09EC-4BD1-AA5D-3AFB2E57F922}.Release|iPhoneSimulator.ActiveCfg = Release|Any CPU
		{251669EF-09EC-4BD1-AA5D-3AFB2E57F922}.Release|iPhoneSimulator.Build.0 = Release|Any CPU
		{251669EF-09EC-4BD1-AA5D-3AFB2E57F922}.Release|iPhoneSimulator.Deploy.0 = Release|Any CPU
		{1F3E0B72-908C-47E0-B963-F6CA7BB580EF}.Ad-Hoc|Any CPU.ActiveCfg = Ad-Hoc|iPhone
		{1F3E0B72-908C-47E0-B963-F6CA7BB580EF}.Ad-Hoc|iPhone.ActiveCfg = Ad-Hoc|iPhone
		{1F3E0B72-908C-47E0-B963-F6CA7BB580EF}.Ad-Hoc|iPhone.Build.0 = Ad-Hoc|iPhone
		{1F3E0B72-908C-47E0-B963-F6CA7BB580EF}.Ad-Hoc|iPhoneSimulator.ActiveCfg = Ad-Hoc|iPhoneSimulator
		{1F3E0B72-908C-47E0-B963-F6CA7BB580EF}.Ad-Hoc|iPhoneSimulator.Build.0 = Ad-Hoc|iPhoneSimulator
		{1F3E0B72-908C-47E0-B963-F6CA7BB580EF}.AppStore|Any CPU.ActiveCfg = AppStore|iPhone
		{1F3E0B72-908C-47E0-B963-F6CA7BB580EF}.AppStore|iPhone.ActiveCfg = AppStore|iPhone
		{1F3E0B72-908C-47E0-B963-F6CA7BB580EF}.AppStore|iPhone.Build.0 = AppStore|iPhone
		{1F3E0B72-908C-47E0-B963-F6CA7BB580EF}.AppStore|iPhoneSimulator.ActiveCfg = AppStore|iPhoneSimulator
		{1F3E0B72-908C-47E0-B963-F6CA7BB580EF}.AppStore|iPhoneSimulator.Build.0 = AppStore|iPhoneSimulator
		{1F3E0B72-908C-47E0-B963-F6CA7BB580EF}.Debug|Any CPU.ActiveCfg = Debug|iPhone
		{1F3E0B72-908C-47E0-B963-F6CA7BB580EF}.Debug|iPhone.ActiveCfg = Debug|iPhone
		{1F3E0B72-908C-47E0-B963-F6CA7BB580EF}.Debug|iPhone.Build.0 = Debug|iPhone
		{1F3E0B72-908C-47E0-B963-F6CA7BB580EF}.Debug|iPhoneSimulator.ActiveCfg = Debug|iPhoneSimulator
		{1F3E0B72-908C-47E0-B963-F6CA7BB580EF}.Debug|iPhoneSimulator.Build.0 = Debug|iPhoneSimulator
		{1F3E0B72-908C-47E0-B963-F6CA7BB580EF}.Release|Any CPU.ActiveCfg = Release|iPhone
		{1F3E0B72-908C-47E0-B963-F6CA7BB580EF}.Release|iPhone.ActiveCfg = Release|iPhone
		{1F3E0B72-908C-47E0-B963-F6CA7BB580EF}.Release|iPhone.Build.0 = Release|iPhone
		{1F3E0B72-908C-47E0-B963-F6CA7BB580EF}.Release|iPhoneSimulator.ActiveCfg = Release|iPhoneSimulator
		{1F3E0B72-908C-47E0-B963-F6CA7BB580EF}.Release|iPhoneSimulator.Build.0 = Release|iPhoneSimulator
		{625B27AB-06CC-43BB-B415-57BBFF66FB0F}.Ad-Hoc|Any CPU.ActiveCfg = Debug|Any CPU
		{625B27AB-06CC-43BB-B415-57BBFF66FB0F}.Ad-Hoc|Any CPU.Build.0 = Debug|Any CPU
		{625B27AB-06CC-43BB-B415-57BBFF66FB0F}.Ad-Hoc|iPhone.ActiveCfg = Debug|Any CPU
		{625B27AB-06CC-43BB-B415-57BBFF66FB0F}.Ad-Hoc|iPhone.Build.0 = Debug|Any CPU
		{625B27AB-06CC-43BB-B415-57BBFF66FB0F}.Ad-Hoc|iPhoneSimulator.ActiveCfg = Debug|Any CPU
		{625B27AB-06CC-43BB-B415-57BBFF66FB0F}.Ad-Hoc|iPhoneSimulator.Build.0 = Debug|Any CPU
		{625B27AB-06CC-43BB-B415-57BBFF66FB0F}.AppStore|Any CPU.ActiveCfg = Debug|Any CPU
		{625B27AB-06CC-43BB-B415-57BBFF66FB0F}.AppStore|Any CPU.Build.0 = Debug|Any CPU
		{625B27AB-06CC-43BB-B415-57BBFF66FB0F}.AppStore|iPhone.ActiveCfg = Debug|Any CPU
		{625B27AB-06CC-43BB-B415-57BBFF66FB0F}.AppStore|iPhone.Build.0 = Debug|Any CPU
		{625B27AB-06CC-43BB-B415-57BBFF66FB0F}.AppStore|iPhoneSimulator.ActiveCfg = Debug|Any CPU
		{625B27AB-06CC-43BB-B415-57BBFF66FB0F}.AppStore|iPhoneSimulator.Build.0 = Debug|Any CPU
		{625B27AB-06CC-43BB-B415-57BBFF66FB0F}.Debug|Any CPU.ActiveCfg = Debug|Any CPU
		{625B27AB-06CC-43BB-B415-57BBFF66FB0F}.Debug|Any CPU.Build.0 = Debug|Any CPU
		{625B27AB-06CC-43BB-B415-57BBFF66FB0F}.Debug|iPhone.ActiveCfg = Debug|Any CPU
		{625B27AB-06CC-43BB-B415-57BBFF66FB0F}.Debug|iPhone.Build.0 = Debug|Any CPU
		{625B27AB-06CC-43BB-B415-57BBFF66FB0F}.Debug|iPhoneSimulator.ActiveCfg = Debug|Any CPU
		{625B27AB-06CC-43BB-B415-57BBFF66FB0F}.Debug|iPhoneSimulator.Build.0 = Debug|Any CPU
		{625B27AB-06CC-43BB-B415-57BBFF66FB0F}.Release|Any CPU.ActiveCfg = Release|Any CPU
		{625B27AB-06CC-43BB-B415-57BBFF66FB0F}.Release|Any CPU.Build.0 = Release|Any CPU
		{625B27AB-06CC-43BB-B415-57BBFF66FB0F}.Release|iPhone.ActiveCfg = Release|Any CPU
		{625B27AB-06CC-43BB-B415-57BBFF66FB0F}.Release|iPhone.Build.0 = Release|Any CPU
		{625B27AB-06CC-43BB-B415-57BBFF66FB0F}.Release|iPhoneSimulator.ActiveCfg = Release|Any CPU
		{625B27AB-06CC-43BB-B415-57BBFF66FB0F}.Release|iPhoneSimulator.Build.0 = Release|Any CPU
	EndGlobalSection
	GlobalSection(SolutionProperties) = preSolution
		HideSolutionNode = FALSE
	EndGlobalSection
	GlobalSection(ExtensibilityGlobals) = postSolution
		SolutionGuid = {388C56F1-2605-4043-8959-F4F21D06C7A4}
	EndGlobalSection
EndGlobal
