
Microsoft Visual Studio Solution File, Format Version 12.00
# Visual Studio 15
VisualStudioVersion = 15.0.27428.2015
MinimumVisualStudioVersion = 10.0.40219.1
Project("{FAE04EC0-301F-11D3-BF4B-00C04F79EFBC}") = "ListViewDataBind.Android", "ListViewDataBind\ListViewDataBind.Android\ListViewDataBind.Android.csproj", "{4BB0DBFB-65E7-4655-A44A-5F788F88BF94}"
EndProject
Project("{FAE04EC0-301F-11D3-BF4B-00C04F79EFBC}") = "ListViewDataBind.iOS", "ListViewDataBind\ListViewDataBind.iOS\ListViewDataBind.iOS.csproj", "{9C43424A-413C-4DF7-8DD9-908774577428}"
EndProject
Project("{FAE04EC0-301F-11D3-BF4B-00C04F79EFBC}") = "ListViewDataBind", "ListViewDataBind\ListViewDataBind\ListViewDataBind.csproj", "{3045B2F1-100A-4361-A4E2-DDBD5331C312}"
EndProject
Global
	GlobalSection(SolutionConfigurationPlatforms) = preSolution
		Ad-Hoc|Any CPU = Ad-Hoc|Any CPU
		Ad-Hoc|iPhone = Ad-Hoc|iPhone
		Ad-Hoc|iPhoneSimulator = Ad-Hoc|iPhoneSimulator
		AppStore|Any CPU = AppStore|Any CPU
		AppStore|iPhone = AppStore|iPhone
		AppStore|iPhoneSimulator = AppStore|iPhoneSimulator
		Debug|Any CPU = Debug|Any CPU
		Debug|iPhone = Debug|iPhone
		Debug|iPhoneSimulator = Debug|iPhoneSimulator
		Release|Any CPU = Release|Any CPU
		Release|iPhone = Release|iPhone
		Release|iPhoneSimulator = Release|iPhoneSimulator
	EndGlobalSection
	GlobalSection(ProjectConfigurationPlatforms) = postSolution
		{4BB0DBFB-65E7-4655-A44A-5F788F88BF94}.Ad-Hoc|Any CPU.ActiveCfg = Release|Any CPU
		{4BB0DBFB-65E7-4655-A44A-5F788F88BF94}.Ad-Hoc|Any CPU.Build.0 = Release|Any CPU
		{4BB0DBFB-65E7-4655-A44A-5F788F88BF94}.Ad-Hoc|Any CPU.Deploy.0 = Release|Any CPU
		{4BB0DBFB-65E7-4655-A44A-5F788F88BF94}.Ad-Hoc|iPhone.ActiveCfg = Release|Any CPU
		{4BB0DBFB-65E7-4655-A44A-5F788F88BF94}.Ad-Hoc|iPhone.Build.0 = Release|Any CPU
		{4BB0DBFB-65E7-4655-A44A-5F788F88BF94}.Ad-Hoc|iPhone.Deploy.0 = Release|Any CPU
		{4BB0DBFB-65E7-4655-A44A-5F788F88BF94}.Ad-Hoc|iPhoneSimulator.ActiveCfg = Release|Any CPU
		{4BB0DBFB-65E7-4655-A44A-5F788F88BF94}.Ad-Hoc|iPhoneSimulator.Build.0 = Release|Any CPU
		{4BB0DBFB-65E7-4655-A44A-5F788F88BF94}.Ad-Hoc|iPhoneSimulator.Deploy.0 = Release|Any CPU
		{4BB0DBFB-65E7-4655-A44A-5F788F88BF94}.AppStore|Any CPU.ActiveCfg = Release|Any CPU
		{4BB0DBFB-65E7-4655-A44A-5F788F88BF94}.AppStore|Any CPU.Build.0 = Release|Any CPU
		{4BB0DBFB-65E7-4655-A44A-5F788F88BF94}.AppStore|Any CPU.Deploy.0 = Release|Any CPU
		{4BB0DBFB-65E7-4655-A44A-5F788F88BF94}.AppStore|iPhone.ActiveCfg = Release|Any CPU
		{4BB0DBFB-65E7-4655-A44A-5F788F88BF94}.AppStore|iPhone.Build.0 = Release|Any CPU
		{4BB0DBFB-65E7-4655-A44A-5F788F88BF94}.AppStore|iPhone.Deploy.0 = Release|Any CPU
		{4BB0DBFB-65E7-4655-A44A-5F788F88BF94}.AppStore|iPhoneSimulator.ActiveCfg = Release|Any CPU
		{4BB0DBFB-65E7-4655-A44A-5F788F88BF94}.AppStore|iPhoneSimulator.Build.0 = Release|Any CPU
		{4BB0DBFB-65E7-4655-A44A-5F788F88BF94}.AppStore|iPhoneSimulator.Deploy.0 = Release|Any CPU
		{4BB0DBFB-65E7-4655-A44A-5F788F88BF94}.Debug|Any CPU.ActiveCfg = Debug|Any CPU
		{4BB0DBFB-65E7-4655-A44A-5F788F88BF94}.Debug|Any CPU.Build.0 = Debug|Any CPU
		{4BB0DBFB-65E7-4655-A44A-5F788F88BF94}.Debug|Any CPU.Deploy.0 = Debug|Any CPU
		{4BB0DBFB-65E7-4655-A44A-5F788F88BF94}.Debug|iPhone.ActiveCfg = Debug|Any CPU
		{4BB0DBFB-65E7-4655-A44A-5F788F88BF94}.Debug|iPhone.Build.0 = Debug|Any CPU
		{4BB0DBFB-65E7-4655-A44A-5F788F88BF94}.Debug|iPhone.Deploy.0 = Debug|Any CPU
		{4BB0DBFB-65E7-4655-A44A-5F788F88BF94}.Debug|iPhoneSimulator.ActiveCfg = Debug|Any CPU
		{4BB0DBFB-65E7-4655-A44A-5F788F88BF94}.Debug|iPhoneSimulator.Build.0 = Debug|Any CPU
		{4BB0DBFB-65E7-4655-A44A-5F788F88BF94}.Debug|iPhoneSimulator.Deploy.0 = Debug|Any CPU
		{4BB0DBFB-65E7-4655-A44A-5F788F88BF94}.Release|Any CPU.ActiveCfg = Release|Any CPU
		{4BB0DBFB-65E7-4655-A44A-5F788F88BF94}.Release|Any CPU.Build.0 = Release|Any CPU
		{4BB0DBFB-65E7-4655-A44A-5F788F88BF94}.Release|Any CPU.Deploy.0 = Release|Any CPU
		{4BB0DBFB-65E7-4655-A44A-5F788F88BF94}.Release|iPhone.ActiveCfg = Release|Any CPU
		{4BB0DBFB-65E7-4655-A44A-5F788F88BF94}.Release|iPhone.Build.0 = Release|Any CPU
		{4BB0DBFB-65E7-4655-A44A-5F788F88BF94}.Release|iPhone.Deploy.0 = Release|Any CPU
		{4BB0DBFB-65E7-4655-A44A-5F788F88BF94}.Release|iPhoneSimulator.ActiveCfg = Release|Any CPU
		{4BB0DBFB-65E7-4655-A44A-5F788F88BF94}.Release|iPhoneSimulator.Build.0 = Release|Any CPU
		{4BB0DBFB-65E7-4655-A44A-5F788F88BF94}.Release|iPhoneSimulator.Deploy.0 = Release|Any CPU
		{9C43424A-413C-4DF7-8DD9-908774577428}.Ad-Hoc|Any CPU.ActiveCfg = Ad-Hoc|iPhone
		{9C43424A-413C-4DF7-8DD9-908774577428}.Ad-Hoc|iPhone.ActiveCfg = Ad-Hoc|iPhone
		{9C43424A-413C-4DF7-8DD9-908774577428}.Ad-Hoc|iPhone.Build.0 = Ad-Hoc|iPhone
		{9C43424A-413C-4DF7-8DD9-908774577428}.Ad-Hoc|iPhoneSimulator.ActiveCfg = Ad-Hoc|iPhoneSimulator
		{9C43424A-413C-4DF7-8DD9-908774577428}.Ad-Hoc|iPhoneSimulator.Build.0 = Ad-Hoc|iPhoneSimulator
		{9C43424A-413C-4DF7-8DD9-908774577428}.AppStore|Any CPU.ActiveCfg = AppStore|iPhone
		{9C43424A-413C-4DF7-8DD9-908774577428}.AppStore|iPhone.ActiveCfg = AppStore|iPhone
		{9C43424A-413C-4DF7-8DD9-908774577428}.AppStore|iPhone.Build.0 = AppStore|iPhone
		{9C43424A-413C-4DF7-8DD9-908774577428}.AppStore|iPhoneSimulator.ActiveCfg = AppStore|iPhoneSimulator
		{9C43424A-413C-4DF7-8DD9-908774577428}.AppStore|iPhoneSimulator.Build.0 = AppStore|iPhoneSimulator
		{9C43424A-413C-4DF7-8DD9-908774577428}.Debug|Any CPU.ActiveCfg = Debug|iPhone
		{9C43424A-413C-4DF7-8DD9-908774577428}.Debug|iPhone.ActiveCfg = Debug|iPhone
		{9C43424A-413C-4DF7-8DD9-908774577428}.Debug|iPhone.Build.0 = Debug|iPhone
		{9C43424A-413C-4DF7-8DD9-908774577428}.Debug|iPhoneSimulator.ActiveCfg = Debug|iPhoneSimulator
		{9C43424A-413C-4DF7-8DD9-908774577428}.Debug|iPhoneSimulator.Build.0 = Debug|iPhoneSimulator
		{9C43424A-413C-4DF7-8DD9-908774577428}.Release|Any CPU.ActiveCfg = Release|iPhone
		{9C43424A-413C-4DF7-8DD9-908774577428}.Release|iPhone.ActiveCfg = Release|iPhone
		{9C43424A-413C-4DF7-8DD9-908774577428}.Release|iPhone.Build.0 = Release|iPhone
		{9C43424A-413C-4DF7-8DD9-908774577428}.Release|iPhoneSimulator.ActiveCfg = Release|iPhoneSimulator
		{9C43424A-413C-4DF7-8DD9-908774577428}.Release|iPhoneSimulator.Build.0 = Release|iPhoneSimulator
		{3045B2F1-100A-4361-A4E2-DDBD5331C312}.Ad-Hoc|Any CPU.ActiveCfg = Debug|Any CPU
		{3045B2F1-100A-4361-A4E2-DDBD5331C312}.Ad-Hoc|Any CPU.Build.0 = Debug|Any CPU
		{3045B2F1-100A-4361-A4E2-DDBD5331C312}.Ad-Hoc|iPhone.ActiveCfg = Debug|Any CPU
		{3045B2F1-100A-4361-A4E2-DDBD5331C312}.Ad-Hoc|iPhone.Build.0 = Debug|Any CPU
		{3045B2F1-100A-4361-A4E2-DDBD5331C312}.Ad-Hoc|iPhoneSimulator.ActiveCfg = Debug|Any CPU
		{3045B2F1-100A-4361-A4E2-DDBD5331C312}.Ad-Hoc|iPhoneSimulator.Build.0 = Debug|Any CPU
		{3045B2F1-100A-4361-A4E2-DDBD5331C312}.AppStore|Any CPU.ActiveCfg = Debug|Any CPU
		{3045B2F1-100A-4361-A4E2-DDBD5331C312}.AppStore|Any CPU.Build.0 = Debug|Any CPU
		{3045B2F1-100A-4361-A4E2-DDBD5331C312}.AppStore|iPhone.ActiveCfg = Debug|Any CPU
		{3045B2F1-100A-4361-A4E2-DDBD5331C312}.AppStore|iPhone.Build.0 = Debug|Any CPU
		{3045B2F1-100A-4361-A4E2-DDBD5331C312}.AppStore|iPhoneSimulator.ActiveCfg = Debug|Any CPU
		{3045B2F1-100A-4361-A4E2-DDBD5331C312}.AppStore|iPhoneSimulator.Build.0 = Debug|Any CPU
		{3045B2F1-100A-4361-A4E2-DDBD5331C312}.Debug|Any CPU.ActiveCfg = Debug|Any CPU
		{3045B2F1-100A-4361-A4E2-DDBD5331C312}.Debug|Any CPU.Build.0 = Debug|Any CPU
		{3045B2F1-100A-4361-A4E2-DDBD5331C312}.Debug|iPhone.ActiveCfg = Debug|Any CPU
		{3045B2F1-100A-4361-A4E2-DDBD5331C312}.Debug|iPhone.Build.0 = Debug|Any CPU
		{3045B2F1-100A-4361-A4E2-DDBD5331C312}.Debug|iPhoneSimulator.ActiveCfg = Debug|Any CPU
		{3045B2F1-100A-4361-A4E2-DDBD5331C312}.Debug|iPhoneSimulator.Build.0 = Debug|Any CPU
		{3045B2F1-100A-4361-A4E2-DDBD5331C312}.Release|Any CPU.ActiveCfg = Release|Any CPU
		{3045B2F1-100A-4361-A4E2-DDBD5331C312}.Release|Any CPU.Build.0 = Release|Any CPU
		{3045B2F1-100A-4361-A4E2-DDBD5331C312}.Release|iPhone.ActiveCfg = Release|Any CPU
		{3045B2F1-100A-4361-A4E2-DDBD5331C312}.Release|iPhone.Build.0 = Release|Any CPU
		{3045B2F1-100A-4361-A4E2-DDBD5331C312}.Release|iPhoneSimulator.ActiveCfg = Release|Any CPU
		{3045B2F1-100A-4361-A4E2-DDBD5331C312}.Release|iPhoneSimulator.Build.0 = Release|Any CPU
	EndGlobalSection
	GlobalSection(SolutionProperties) = preSolution
		HideSolutionNode = FALSE
	EndGlobalSection
	GlobalSection(ExtensibilityGlobals) = postSolution
		SolutionGuid = {BE370096-B637-41CD-BE6D-61E4C99DA0AA}
	EndGlobalSection
EndGlobal
