
Microsoft Visual Studio Solution File, Format Version 12.00
# Visual Studio 15
VisualStudioVersion = 15.0.27428.2015
MinimumVisualStudioVersion = 10.0.40219.1
Project("{FAE04EC0-301F-11D3-BF4B-00C04F79EFBC}") = "SwitchExample.Android", "SwitchExample\SwitchExample.Android\SwitchExample.Android.csproj", "{0BDC0992-2E22-458B-BBDA-BECCAE9C2F62}"
EndProject
Project("{FAE04EC0-301F-11D3-BF4B-00C04F79EFBC}") = "SwitchExample.iOS", "SwitchExample\SwitchExample.iOS\SwitchExample.iOS.csproj", "{EFF0DDC0-977B-4FAF-A3FE-02E0508DA677}"
EndProject
Project("{FAE04EC0-301F-11D3-BF4B-00C04F79EFBC}") = "SwitchExample", "SwitchExample\SwitchExample\SwitchExample.csproj", "{B694F87A-C4EC-4EA7-B227-AA8092DAF39F}"
EndProject
Global
	GlobalSection(SolutionConfigurationPlatforms) = preSolution
		Ad-Hoc|Any CPU = Ad-Hoc|Any CPU
		Ad-Hoc|iPhone = Ad-Hoc|iPhone
		Ad-Hoc|iPhoneSimulator = Ad-Hoc|iPhoneSimulator
		AppStore|Any CPU = AppStore|Any CPU
		AppStore|iPhone = AppStore|iPhone
		AppStore|iPhoneSimulator = AppStore|iPhoneSimulator
		Debug|Any CPU = Debug|Any CPU
		Debug|iPhone = Debug|iPhone
		Debug|iPhoneSimulator = Debug|iPhoneSimulator
		Release|Any CPU = Release|Any CPU
		Release|iPhone = Release|iPhone
		Release|iPhoneSimulator = Release|iPhoneSimulator
	EndGlobalSection
	GlobalSection(ProjectConfigurationPlatforms) = postSolution
		{0BDC0992-2E22-458B-BBDA-BECCAE9C2F62}.Ad-Hoc|Any CPU.ActiveCfg = Release|Any CPU
		{0BDC0992-2E22-458B-BBDA-BECCAE9C2F62}.Ad-Hoc|Any CPU.Build.0 = Release|Any CPU
		{0BDC0992-2E22-458B-BBDA-BECCAE9C2F62}.Ad-Hoc|Any CPU.Deploy.0 = Release|Any CPU
		{0BDC0992-2E22-458B-BBDA-BECCAE9C2F62}.Ad-Hoc|iPhone.ActiveCfg = Release|Any CPU
		{0BDC0992-2E22-458B-BBDA-BECCAE9C2F62}.Ad-Hoc|iPhone.Build.0 = Release|Any CPU
		{0BDC0992-2E22-458B-BBDA-BECCAE9C2F62}.Ad-Hoc|iPhone.Deploy.0 = Release|Any CPU
		{0BDC0992-2E22-458B-BBDA-BECCAE9C2F62}.Ad-Hoc|iPhoneSimulator.ActiveCfg = Release|Any CPU
		{0BDC0992-2E22-458B-BBDA-BECCAE9C2F62}.Ad-Hoc|iPhoneSimulator.Build.0 = Release|Any CPU
		{0BDC0992-2E22-458B-BBDA-BECCAE9C2F62}.Ad-Hoc|iPhoneSimulator.Deploy.0 = Release|Any CPU
		{0BDC0992-2E22-458B-BBDA-BECCAE9C2F62}.AppStore|Any CPU.ActiveCfg = Release|Any CPU
		{0BDC0992-2E22-458B-BBDA-BECCAE9C2F62}.AppStore|Any CPU.Build.0 = Release|Any CPU
		{0BDC0992-2E22-458B-BBDA-BECCAE9C2F62}.AppStore|Any CPU.Deploy.0 = Release|Any CPU
		{0BDC0992-2E22-458B-BBDA-BECCAE9C2F62}.AppStore|iPhone.ActiveCfg = Release|Any CPU
		{0BDC0992-2E22-458B-BBDA-BECCAE9C2F62}.AppStore|iPhone.Build.0 = Release|Any CPU
		{0BDC0992-2E22-458B-BBDA-BECCAE9C2F62}.AppStore|iPhone.Deploy.0 = Release|Any CPU
		{0BDC0992-2E22-458B-BBDA-BECCAE9C2F62}.AppStore|iPhoneSimulator.ActiveCfg = Release|Any CPU
		{0BDC0992-2E22-458B-BBDA-BECCAE9C2F62}.AppStore|iPhoneSimulator.Build.0 = Release|Any CPU
		{0BDC0992-2E22-458B-BBDA-BECCAE9C2F62}.AppStore|iPhoneSimulator.Deploy.0 = Release|Any CPU
		{0BDC0992-2E22-458B-BBDA-BECCAE9C2F62}.Debug|Any CPU.ActiveCfg = Debug|Any CPU
		{0BDC0992-2E22-458B-BBDA-BECCAE9C2F62}.Debug|Any CPU.Build.0 = Debug|Any CPU
		{0BDC0992-2E22-458B-BBDA-BECCAE9C2F62}.Debug|Any CPU.Deploy.0 = Debug|Any CPU
		{0BDC0992-2E22-458B-BBDA-BECCAE9C2F62}.Debug|iPhone.ActiveCfg = Debug|Any CPU
		{0BDC0992-2E22-458B-BBDA-BECCAE9C2F62}.Debug|iPhone.Build.0 = Debug|Any CPU
		{0BDC0992-2E22-458B-BBDA-BECCAE9C2F62}.Debug|iPhone.Deploy.0 = Debug|Any CPU
		{0BDC0992-2E22-458B-BBDA-BECCAE9C2F62}.Debug|iPhoneSimulator.ActiveCfg = Debug|Any CPU
		{0BDC0992-2E22-458B-BBDA-BECCAE9C2F62}.Debug|iPhoneSimulator.Build.0 = Debug|Any CPU
		{0BDC0992-2E22-458B-BBDA-BECCAE9C2F62}.Debug|iPhoneSimulator.Deploy.0 = Debug|Any CPU
		{0BDC0992-2E22-458B-BBDA-BECCAE9C2F62}.Release|Any CPU.ActiveCfg = Release|Any CPU
		{0BDC0992-2E22-458B-BBDA-BECCAE9C2F62}.Release|Any CPU.Build.0 = Release|Any CPU
		{0BDC0992-2E22-458B-BBDA-BECCAE9C2F62}.Release|Any CPU.Deploy.0 = Release|Any CPU
		{0BDC0992-2E22-458B-BBDA-BECCAE9C2F62}.Release|iPhone.ActiveCfg = Release|Any CPU
		{0BDC0992-2E22-458B-BBDA-BECCAE9C2F62}.Release|iPhone.Build.0 = Release|Any CPU
		{0BDC0992-2E22-458B-BBDA-BECCAE9C2F62}.Release|iPhone.Deploy.0 = Release|Any CPU
		{0BDC0992-2E22-458B-BBDA-BECCAE9C2F62}.Release|iPhoneSimulator.ActiveCfg = Release|Any CPU
		{0BDC0992-2E22-458B-BBDA-BECCAE9C2F62}.Release|iPhoneSimulator.Build.0 = Release|Any CPU
		{0BDC0992-2E22-458B-BBDA-BECCAE9C2F62}.Release|iPhoneSimulator.Deploy.0 = Release|Any CPU
		{EFF0DDC0-977B-4FAF-A3FE-02E0508DA677}.Ad-Hoc|Any CPU.ActiveCfg = Ad-Hoc|iPhone
		{EFF0DDC0-977B-4FAF-A3FE-02E0508DA677}.Ad-Hoc|iPhone.ActiveCfg = Ad-Hoc|iPhone
		{EFF0DDC0-977B-4FAF-A3FE-02E0508DA677}.Ad-Hoc|iPhone.Build.0 = Ad-Hoc|iPhone
		{EFF0DDC0-977B-4FAF-A3FE-02E0508DA677}.Ad-Hoc|iPhoneSimulator.ActiveCfg = Ad-Hoc|iPhoneSimulator
		{EFF0DDC0-977B-4FAF-A3FE-02E0508DA677}.Ad-Hoc|iPhoneSimulator.Build.0 = Ad-Hoc|iPhoneSimulator
		{EFF0DDC0-977B-4FAF-A3FE-02E0508DA677}.AppStore|Any CPU.ActiveCfg = AppStore|iPhone
		{EFF0DDC0-977B-4FAF-A3FE-02E0508DA677}.AppStore|iPhone.ActiveCfg = AppStore|iPhone
		{EFF0DDC0-977B-4FAF-A3FE-02E0508DA677}.AppStore|iPhone.Build.0 = AppStore|iPhone
		{EFF0DDC0-977B-4FAF-A3FE-02E0508DA677}.AppStore|iPhoneSimulator.ActiveCfg = AppStore|iPhoneSimulator
		{EFF0DDC0-977B-4FAF-A3FE-02E0508DA677}.AppStore|iPhoneSimulator.Build.0 = AppStore|iPhoneSimulator
		{EFF0DDC0-977B-4FAF-A3FE-02E0508DA677}.Debug|Any CPU.ActiveCfg = Debug|iPhone
		{EFF0DDC0-977B-4FAF-A3FE-02E0508DA677}.Debug|iPhone.ActiveCfg = Debug|iPhone
		{EFF0DDC0-977B-4FAF-A3FE-02E0508DA677}.Debug|iPhone.Build.0 = Debug|iPhone
		{EFF0DDC0-977B-4FAF-A3FE-02E0508DA677}.Debug|iPhoneSimulator.ActiveCfg = Debug|iPhoneSimulator
		{EFF0DDC0-977B-4FAF-A3FE-02E0508DA677}.Debug|iPhoneSimulator.Build.0 = Debug|iPhoneSimulator
		{EFF0DDC0-977B-4FAF-A3FE-02E0508DA677}.Release|Any CPU.ActiveCfg = Release|iPhone
		{EFF0DDC0-977B-4FAF-A3FE-02E0508DA677}.Release|iPhone.ActiveCfg = Release|iPhone
		{EFF0DDC0-977B-4FAF-A3FE-02E0508DA677}.Release|iPhone.Build.0 = Release|iPhone
		{EFF0DDC0-977B-4FAF-A3FE-02E0508DA677}.Release|iPhoneSimulator.ActiveCfg = Release|iPhoneSimulator
		{EFF0DDC0-977B-4FAF-A3FE-02E0508DA677}.Release|iPhoneSimulator.Build.0 = Release|iPhoneSimulator
		{B694F87A-C4EC-4EA7-B227-AA8092DAF39F}.Ad-Hoc|Any CPU.ActiveCfg = Debug|Any CPU
		{B694F87A-C4EC-4EA7-B227-AA8092DAF39F}.Ad-Hoc|Any CPU.Build.0 = Debug|Any CPU
		{B694F87A-C4EC-4EA7-B227-AA8092DAF39F}.Ad-Hoc|iPhone.ActiveCfg = Debug|Any CPU
		{B694F87A-C4EC-4EA7-B227-AA8092DAF39F}.Ad-Hoc|iPhone.Build.0 = Debug|Any CPU
		{B694F87A-C4EC-4EA7-B227-AA8092DAF39F}.Ad-Hoc|iPhoneSimulator.ActiveCfg = Debug|Any CPU
		{B694F87A-C4EC-4EA7-B227-AA8092DAF39F}.Ad-Hoc|iPhoneSimulator.Build.0 = Debug|Any CPU
		{B694F87A-C4EC-4EA7-B227-AA8092DAF39F}.AppStore|Any CPU.ActiveCfg = Debug|Any CPU
		{B694F87A-C4EC-4EA7-B227-AA8092DAF39F}.AppStore|Any CPU.Build.0 = Debug|Any CPU
		{B694F87A-C4EC-4EA7-B227-AA8092DAF39F}.AppStore|iPhone.ActiveCfg = Debug|Any CPU
		{B694F87A-C4EC-4EA7-B227-AA8092DAF39F}.AppStore|iPhone.Build.0 = Debug|Any CPU
		{B694F87A-C4EC-4EA7-B227-AA8092DAF39F}.AppStore|iPhoneSimulator.ActiveCfg = Debug|Any CPU
		{B694F87A-C4EC-4EA7-B227-AA8092DAF39F}.AppStore|iPhoneSimulator.Build.0 = Debug|Any CPU
		{B694F87A-C4EC-4EA7-B227-AA8092DAF39F}.Debug|Any CPU.ActiveCfg = Debug|Any CPU
		{B694F87A-C4EC-4EA7-B227-AA8092DAF39F}.Debug|Any CPU.Build.0 = Debug|Any CPU
		{B694F87A-C4EC-4EA7-B227-AA8092DAF39F}.Debug|iPhone.ActiveCfg = Debug|Any CPU
		{B694F87A-C4EC-4EA7-B227-AA8092DAF39F}.Debug|iPhone.Build.0 = Debug|Any CPU
		{B694F87A-C4EC-4EA7-B227-AA8092DAF39F}.Debug|iPhoneSimulator.ActiveCfg = Debug|Any CPU
		{B694F87A-C4EC-4EA7-B227-AA8092DAF39F}.Debug|iPhoneSimulator.Build.0 = Debug|Any CPU
		{B694F87A-C4EC-4EA7-B227-AA8092DAF39F}.Release|Any CPU.ActiveCfg = Release|Any CPU
		{B694F87A-C4EC-4EA7-B227-AA8092DAF39F}.Release|Any CPU.Build.0 = Release|Any CPU
		{B694F87A-C4EC-4EA7-B227-AA8092DAF39F}.Release|iPhone.ActiveCfg = Release|Any CPU
		{B694F87A-C4EC-4EA7-B227-AA8092DAF39F}.Release|iPhone.Build.0 = Release|Any CPU
		{B694F87A-C4EC-4EA7-B227-AA8092DAF39F}.Release|iPhoneSimulator.ActiveCfg = Release|Any CPU
		{B694F87A-C4EC-4EA7-B227-AA8092DAF39F}.Release|iPhoneSimulator.Build.0 = Release|Any CPU
	EndGlobalSection
	GlobalSection(SolutionProperties) = preSolution
		HideSolutionNode = FALSE
	EndGlobalSection
	GlobalSection(ExtensibilityGlobals) = postSolution
		SolutionGuid = {7A3E52F5-5724-461A-83BA-46B680BEC901}
	EndGlobalSection
EndGlobal
