
Microsoft Visual Studio Solution File, Format Version 12.00
# Visual Studio 15
VisualStudioVersion = 15.0.27428.2015
MinimumVisualStudioVersion = 10.0.40219.1
Project("{FAE04EC0-301F-11D3-BF4B-00C04F79EFBC}") = "ButtonClickNextPage.Android", "ButtonClickNextPage\ButtonClickNextPage.Android\ButtonClickNextPage.Android.csproj", "{11F1CBBA-86F7-45CC-AE4B-94A8F5A89A53}"
EndProject
Project("{FAE04EC0-301F-11D3-BF4B-00C04F79EFBC}") = "ButtonClickNextPage.iOS", "ButtonClickNextPage\ButtonClickNextPage.iOS\ButtonClickNextPage.iOS.csproj", "{DC4CE6C9-A4D4-450D-91B8-2CDD238DF204}"
EndProject
Project("{FAE04EC0-301F-11D3-BF4B-00C04F79EFBC}") = "ButtonClickNextPage", "ButtonClickNextPage\ButtonClickNextPage\ButtonClickNextPage.csproj", "{4193ECC3-9F88-498E-80D7-4C905170EF1F}"
EndProject
Global
	GlobalSection(SolutionConfigurationPlatforms) = preSolution
		Ad-Hoc|Any CPU = Ad-Hoc|Any CPU
		Ad-Hoc|iPhone = Ad-Hoc|iPhone
		Ad-Hoc|iPhoneSimulator = Ad-Hoc|iPhoneSimulator
		AppStore|Any CPU = AppStore|Any CPU
		AppStore|iPhone = AppStore|iPhone
		AppStore|iPhoneSimulator = AppStore|iPhoneSimulator
		Debug|Any CPU = Debug|Any CPU
		Debug|iPhone = Debug|iPhone
		Debug|iPhoneSimulator = Debug|iPhoneSimulator
		Release|Any CPU = Release|Any CPU
		Release|iPhone = Release|iPhone
		Release|iPhoneSimulator = Release|iPhoneSimulator
	EndGlobalSection
	GlobalSection(ProjectConfigurationPlatforms) = postSolution
		{11F1CBBA-86F7-45CC-AE4B-94A8F5A89A53}.Ad-Hoc|Any CPU.ActiveCfg = Release|Any CPU
		{11F1CBBA-86F7-45CC-AE4B-94A8F5A89A53}.Ad-Hoc|Any CPU.Build.0 = Release|Any CPU
		{11F1CBBA-86F7-45CC-AE4B-94A8F5A89A53}.Ad-Hoc|Any CPU.Deploy.0 = Release|Any CPU
		{11F1CBBA-86F7-45CC-AE4B-94A8F5A89A53}.Ad-Hoc|iPhone.ActiveCfg = Release|Any CPU
		{11F1CBBA-86F7-45CC-AE4B-94A8F5A89A53}.Ad-Hoc|iPhone.Build.0 = Release|Any CPU
		{11F1CBBA-86F7-45CC-AE4B-94A8F5A89A53}.Ad-Hoc|iPhone.Deploy.0 = Release|Any CPU
		{11F1CBBA-86F7-45CC-AE4B-94A8F5A89A53}.Ad-Hoc|iPhoneSimulator.ActiveCfg = Release|Any CPU
		{11F1CBBA-86F7-45CC-AE4B-94A8F5A89A53}.Ad-Hoc|iPhoneSimulator.Build.0 = Release|Any CPU
		{11F1CBBA-86F7-45CC-AE4B-94A8F5A89A53}.Ad-Hoc|iPhoneSimulator.Deploy.0 = Release|Any CPU
		{11F1CBBA-86F7-45CC-AE4B-94A8F5A89A53}.AppStore|Any CPU.ActiveCfg = Release|Any CPU
		{11F1CBBA-86F7-45CC-AE4B-94A8F5A89A53}.AppStore|Any CPU.Build.0 = Release|Any CPU
		{11F1CBBA-86F7-45CC-AE4B-94A8F5A89A53}.AppStore|Any CPU.Deploy.0 = Release|Any CPU
		{11F1CBBA-86F7-45CC-AE4B-94A8F5A89A53}.AppStore|iPhone.ActiveCfg = Release|Any CPU
		{11F1CBBA-86F7-45CC-AE4B-94A8F5A89A53}.AppStore|iPhone.Build.0 = Release|Any CPU
		{11F1CBBA-86F7-45CC-AE4B-94A8F5A89A53}.AppStore|iPhone.Deploy.0 = Release|Any CPU
		{11F1CBBA-86F7-45CC-AE4B-94A8F5A89A53}.AppStore|iPhoneSimulator.ActiveCfg = Release|Any CPU
		{11F1CBBA-86F7-45CC-AE4B-94A8F5A89A53}.AppStore|iPhoneSimulator.Build.0 = Release|Any CPU
		{11F1CBBA-86F7-45CC-AE4B-94A8F5A89A53}.AppStore|iPhoneSimulator.Deploy.0 = Release|Any CPU
		{11F1CBBA-86F7-45CC-AE4B-94A8F5A89A53}.Debug|Any CPU.ActiveCfg = Debug|Any CPU
		{11F1CBBA-86F7-45CC-AE4B-94A8F5A89A53}.Debug|Any CPU.Build.0 = Debug|Any CPU
		{11F1CBBA-86F7-45CC-AE4B-94A8F5A89A53}.Debug|Any CPU.Deploy.0 = Debug|Any CPU
		{11F1CBBA-86F7-45CC-AE4B-94A8F5A89A53}.Debug|iPhone.ActiveCfg = Debug|Any CPU
		{11F1CBBA-86F7-45CC-AE4B-94A8F5A89A53}.Debug|iPhone.Build.0 = Debug|Any CPU
		{11F1CBBA-86F7-45CC-AE4B-94A8F5A89A53}.Debug|iPhone.Deploy.0 = Debug|Any CPU
		{11F1CBBA-86F7-45CC-AE4B-94A8F5A89A53}.Debug|iPhoneSimulator.ActiveCfg = Debug|Any CPU
		{11F1CBBA-86F7-45CC-AE4B-94A8F5A89A53}.Debug|iPhoneSimulator.Build.0 = Debug|Any CPU
		{11F1CBBA-86F7-45CC-AE4B-94A8F5A89A53}.Debug|iPhoneSimulator.Deploy.0 = Debug|Any CPU
		{11F1CBBA-86F7-45CC-AE4B-94A8F5A89A53}.Release|Any CPU.ActiveCfg = Release|Any CPU
		{11F1CBBA-86F7-45CC-AE4B-94A8F5A89A53}.Release|Any CPU.Build.0 = Release|Any CPU
		{11F1CBBA-86F7-45CC-AE4B-94A8F5A89A53}.Release|Any CPU.Deploy.0 = Release|Any CPU
		{11F1CBBA-86F7-45CC-AE4B-94A8F5A89A53}.Release|iPhone.ActiveCfg = Release|Any CPU
		{11F1CBBA-86F7-45CC-AE4B-94A8F5A89A53}.Release|iPhone.Build.0 = Release|Any CPU
		{11F1CBBA-86F7-45CC-AE4B-94A8F5A89A53}.Release|iPhone.Deploy.0 = Release|Any CPU
		{11F1CBBA-86F7-45CC-AE4B-94A8F5A89A53}.Release|iPhoneSimulator.ActiveCfg = Release|Any CPU
		{11F1CBBA-86F7-45CC-AE4B-94A8F5A89A53}.Release|iPhoneSimulator.Build.0 = Release|Any CPU
		{11F1CBBA-86F7-45CC-AE4B-94A8F5A89A53}.Release|iPhoneSimulator.Deploy.0 = Release|Any CPU
		{DC4CE6C9-A4D4-450D-91B8-2CDD238DF204}.Ad-Hoc|Any CPU.ActiveCfg = Ad-Hoc|iPhone
		{DC4CE6C9-A4D4-450D-91B8-2CDD238DF204}.Ad-Hoc|iPhone.ActiveCfg = Ad-Hoc|iPhone
		{DC4CE6C9-A4D4-450D-91B8-2CDD238DF204}.Ad-Hoc|iPhone.Build.0 = Ad-Hoc|iPhone
		{DC4CE6C9-A4D4-450D-91B8-2CDD238DF204}.Ad-Hoc|iPhoneSimulator.ActiveCfg = Ad-Hoc|iPhoneSimulator
		{DC4CE6C9-A4D4-450D-91B8-2CDD238DF204}.Ad-Hoc|iPhoneSimulator.Build.0 = Ad-Hoc|iPhoneSimulator
		{DC4CE6C9-A4D4-450D-91B8-2CDD238DF204}.AppStore|Any CPU.ActiveCfg = AppStore|iPhone
		{DC4CE6C9-A4D4-450D-91B8-2CDD238DF204}.AppStore|iPhone.ActiveCfg = AppStore|iPhone
		{DC4CE6C9-A4D4-450D-91B8-2CDD238DF204}.AppStore|iPhone.Build.0 = AppStore|iPhone
		{DC4CE6C9-A4D4-450D-91B8-2CDD238DF204}.AppStore|iPhoneSimulator.ActiveCfg = AppStore|iPhoneSimulator
		{DC4CE6C9-A4D4-450D-91B8-2CDD238DF204}.AppStore|iPhoneSimulator.Build.0 = AppStore|iPhoneSimulator
		{DC4CE6C9-A4D4-450D-91B8-2CDD238DF204}.Debug|Any CPU.ActiveCfg = Debug|iPhone
		{DC4CE6C9-A4D4-450D-91B8-2CDD238DF204}.Debug|iPhone.ActiveCfg = Debug|iPhone
		{DC4CE6C9-A4D4-450D-91B8-2CDD238DF204}.Debug|iPhone.Build.0 = Debug|iPhone
		{DC4CE6C9-A4D4-450D-91B8-2CDD238DF204}.Debug|iPhoneSimulator.ActiveCfg = Debug|iPhoneSimulator
		{DC4CE6C9-A4D4-450D-91B8-2CDD238DF204}.Debug|iPhoneSimulator.Build.0 = Debug|iPhoneSimulator
		{DC4CE6C9-A4D4-450D-91B8-2CDD238DF204}.Release|Any CPU.ActiveCfg = Release|iPhone
		{DC4CE6C9-A4D4-450D-91B8-2CDD238DF204}.Release|iPhone.ActiveCfg = Release|iPhone
		{DC4CE6C9-A4D4-450D-91B8-2CDD238DF204}.Release|iPhone.Build.0 = Release|iPhone
		{DC4CE6C9-A4D4-450D-91B8-2CDD238DF204}.Release|iPhoneSimulator.ActiveCfg = Release|iPhoneSimulator
		{DC4CE6C9-A4D4-450D-91B8-2CDD238DF204}.Release|iPhoneSimulator.Build.0 = Release|iPhoneSimulator
		{4193ECC3-9F88-498E-80D7-4C905170EF1F}.Ad-Hoc|Any CPU.ActiveCfg = Debug|Any CPU
		{4193ECC3-9F88-498E-80D7-4C905170EF1F}.Ad-Hoc|Any CPU.Build.0 = Debug|Any CPU
		{4193ECC3-9F88-498E-80D7-4C905170EF1F}.Ad-Hoc|iPhone.ActiveCfg = Debug|Any CPU
		{4193ECC3-9F88-498E-80D7-4C905170EF1F}.Ad-Hoc|iPhone.Build.0 = Debug|Any CPU
		{4193ECC3-9F88-498E-80D7-4C905170EF1F}.Ad-Hoc|iPhoneSimulator.ActiveCfg = Debug|Any CPU
		{4193ECC3-9F88-498E-80D7-4C905170EF1F}.Ad-Hoc|iPhoneSimulator.Build.0 = Debug|Any CPU
		{4193ECC3-9F88-498E-80D7-4C905170EF1F}.AppStore|Any CPU.ActiveCfg = Debug|Any CPU
		{4193ECC3-9F88-498E-80D7-4C905170EF1F}.AppStore|Any CPU.Build.0 = Debug|Any CPU
		{4193ECC3-9F88-498E-80D7-4C905170EF1F}.AppStore|iPhone.ActiveCfg = Debug|Any CPU
		{4193ECC3-9F88-498E-80D7-4C905170EF1F}.AppStore|iPhone.Build.0 = Debug|Any CPU
		{4193ECC3-9F88-498E-80D7-4C905170EF1F}.AppStore|iPhoneSimulator.ActiveCfg = Debug|Any CPU
		{4193ECC3-9F88-498E-80D7-4C905170EF1F}.AppStore|iPhoneSimulator.Build.0 = Debug|Any CPU
		{4193ECC3-9F88-498E-80D7-4C905170EF1F}.Debug|Any CPU.ActiveCfg = Debug|Any CPU
		{4193ECC3-9F88-498E-80D7-4C905170EF1F}.Debug|Any CPU.Build.0 = Debug|Any CPU
		{4193ECC3-9F88-498E-80D7-4C905170EF1F}.Debug|iPhone.ActiveCfg = Debug|Any CPU
		{4193ECC3-9F88-498E-80D7-4C905170EF1F}.Debug|iPhone.Build.0 = Debug|Any CPU
		{4193ECC3-9F88-498E-80D7-4C905170EF1F}.Debug|iPhoneSimulator.ActiveCfg = Debug|Any CPU
		{4193ECC3-9F88-498E-80D7-4C905170EF1F}.Debug|iPhoneSimulator.Build.0 = Debug|Any CPU
		{4193ECC3-9F88-498E-80D7-4C905170EF1F}.Release|Any CPU.ActiveCfg = Release|Any CPU
		{4193ECC3-9F88-498E-80D7-4C905170EF1F}.Release|Any CPU.Build.0 = Release|Any CPU
		{4193ECC3-9F88-498E-80D7-4C905170EF1F}.Release|iPhone.ActiveCfg = Release|Any CPU
		{4193ECC3-9F88-498E-80D7-4C905170EF1F}.Release|iPhone.Build.0 = Release|Any CPU
		{4193ECC3-9F88-498E-80D7-4C905170EF1F}.Release|iPhoneSimulator.ActiveCfg = Release|Any CPU
		{4193ECC3-9F88-498E-80D7-4C905170EF1F}.Release|iPhoneSimulator.Build.0 = Release|Any CPU
	EndGlobalSection
	GlobalSection(SolutionProperties) = preSolution
		HideSolutionNode = FALSE
	EndGlobalSection
	GlobalSection(ExtensibilityGlobals) = postSolution
		SolutionGuid = {DFCA7F97-EEF1-4D8F-85B8-46368F208DA0}
	EndGlobalSection
EndGlobal
