
Microsoft Visual Studio Solution File, Format Version 12.00
# Visual Studio 15
VisualStudioVersion = 15.0.27428.2015
MinimumVisualStudioVersion = 10.0.40219.1
Project("{FAE04EC0-301F-11D3-BF4B-00C04F79EFBC}") = "GridLayout.Android", "GridLayout\GridLayout.Android\GridLayout.Android.csproj", "{D1F18905-DF21-4FF5-B2CC-94940C5083EE}"
EndProject
Project("{FAE04EC0-301F-11D3-BF4B-00C04F79EFBC}") = "GridLayout.iOS", "GridLayout\GridLayout.iOS\GridLayout.iOS.csproj", "{425F8B33-8E8D-4DC9-87A5-146929F2330E}"
EndProject
Project("{FAE04EC0-301F-11D3-BF4B-00C04F79EFBC}") = "GridLayout", "GridLayout\GridLayout\GridLayout.csproj", "{C89C392D-AFD5-4B8E-920E-211B8F0B626A}"
EndProject
Global
	GlobalSection(SolutionConfigurationPlatforms) = preSolution
		Ad-Hoc|Any CPU = Ad-Hoc|Any CPU
		Ad-Hoc|iPhone = Ad-Hoc|iPhone
		Ad-Hoc|iPhoneSimulator = Ad-Hoc|iPhoneSimulator
		AppStore|Any CPU = AppStore|Any CPU
		AppStore|iPhone = AppStore|iPhone
		AppStore|iPhoneSimulator = AppStore|iPhoneSimulator
		Debug|Any CPU = Debug|Any CPU
		Debug|iPhone = Debug|iPhone
		Debug|iPhoneSimulator = Debug|iPhoneSimulator
		Release|Any CPU = Release|Any CPU
		Release|iPhone = Release|iPhone
		Release|iPhoneSimulator = Release|iPhoneSimulator
	EndGlobalSection
	GlobalSection(ProjectConfigurationPlatforms) = postSolution
		{D1F18905-DF21-4FF5-B2CC-94940C5083EE}.Ad-Hoc|Any CPU.ActiveCfg = Release|Any CPU
		{D1F18905-DF21-4FF5-B2CC-94940C5083EE}.Ad-Hoc|Any CPU.Build.0 = Release|Any CPU
		{D1F18905-DF21-4FF5-B2CC-94940C5083EE}.Ad-Hoc|Any CPU.Deploy.0 = Release|Any CPU
		{D1F18905-DF21-4FF5-B2CC-94940C5083EE}.Ad-Hoc|iPhone.ActiveCfg = Release|Any CPU
		{D1F18905-DF21-4FF5-B2CC-94940C5083EE}.Ad-Hoc|iPhone.Build.0 = Release|Any CPU
		{D1F18905-DF21-4FF5-B2CC-94940C5083EE}.Ad-Hoc|iPhone.Deploy.0 = Release|Any CPU
		{D1F18905-DF21-4FF5-B2CC-94940C5083EE}.Ad-Hoc|iPhoneSimulator.ActiveCfg = Release|Any CPU
		{D1F18905-DF21-4FF5-B2CC-94940C5083EE}.Ad-Hoc|iPhoneSimulator.Build.0 = Release|Any CPU
		{D1F18905-DF21-4FF5-B2CC-94940C5083EE}.Ad-Hoc|iPhoneSimulator.Deploy.0 = Release|Any CPU
		{D1F18905-DF21-4FF5-B2CC-94940C5083EE}.AppStore|Any CPU.ActiveCfg = Release|Any CPU
		{D1F18905-DF21-4FF5-B2CC-94940C5083EE}.AppStore|Any CPU.Build.0 = Release|Any CPU
		{D1F18905-DF21-4FF5-B2CC-94940C5083EE}.AppStore|Any CPU.Deploy.0 = Release|Any CPU
		{D1F18905-DF21-4FF5-B2CC-94940C5083EE}.AppStore|iPhone.ActiveCfg = Release|Any CPU
		{D1F18905-DF21-4FF5-B2CC-94940C5083EE}.AppStore|iPhone.Build.0 = Release|Any CPU
		{D1F18905-DF21-4FF5-B2CC-94940C5083EE}.AppStore|iPhone.Deploy.0 = Release|Any CPU
		{D1F18905-DF21-4FF5-B2CC-94940C5083EE}.AppStore|iPhoneSimulator.ActiveCfg = Release|Any CPU
		{D1F18905-DF21-4FF5-B2CC-94940C5083EE}.AppStore|iPhoneSimulator.Build.0 = Release|Any CPU
		{D1F18905-DF21-4FF5-B2CC-94940C5083EE}.AppStore|iPhoneSimulator.Deploy.0 = Release|Any CPU
		{D1F18905-DF21-4FF5-B2CC-94940C5083EE}.Debug|Any CPU.ActiveCfg = Debug|Any CPU
		{D1F18905-DF21-4FF5-B2CC-94940C5083EE}.Debug|Any CPU.Build.0 = Debug|Any CPU
		{D1F18905-DF21-4FF5-B2CC-94940C5083EE}.Debug|Any CPU.Deploy.0 = Debug|Any CPU
		{D1F18905-DF21-4FF5-B2CC-94940C5083EE}.Debug|iPhone.ActiveCfg = Debug|Any CPU
		{D1F18905-DF21-4FF5-B2CC-94940C5083EE}.Debug|iPhone.Build.0 = Debug|Any CPU
		{D1F18905-DF21-4FF5-B2CC-94940C5083EE}.Debug|iPhone.Deploy.0 = Debug|Any CPU
		{D1F18905-DF21-4FF5-B2CC-94940C5083EE}.Debug|iPhoneSimulator.ActiveCfg = Debug|Any CPU
		{D1F18905-DF21-4FF5-B2CC-94940C5083EE}.Debug|iPhoneSimulator.Build.0 = Debug|Any CPU
		{D1F18905-DF21-4FF5-B2CC-94940C5083EE}.Debug|iPhoneSimulator.Deploy.0 = Debug|Any CPU
		{D1F18905-DF21-4FF5-B2CC-94940C5083EE}.Release|Any CPU.ActiveCfg = Release|Any CPU
		{D1F18905-DF21-4FF5-B2CC-94940C5083EE}.Release|Any CPU.Build.0 = Release|Any CPU
		{D1F18905-DF21-4FF5-B2CC-94940C5083EE}.Release|Any CPU.Deploy.0 = Release|Any CPU
		{D1F18905-DF21-4FF5-B2CC-94940C5083EE}.Release|iPhone.ActiveCfg = Release|Any CPU
		{D1F18905-DF21-4FF5-B2CC-94940C5083EE}.Release|iPhone.Build.0 = Release|Any CPU
		{D1F18905-DF21-4FF5-B2CC-94940C5083EE}.Release|iPhone.Deploy.0 = Release|Any CPU
		{D1F18905-DF21-4FF5-B2CC-94940C5083EE}.Release|iPhoneSimulator.ActiveCfg = Release|Any CPU
		{D1F18905-DF21-4FF5-B2CC-94940C5083EE}.Release|iPhoneSimulator.Build.0 = Release|Any CPU
		{D1F18905-DF21-4FF5-B2CC-94940C5083EE}.Release|iPhoneSimulator.Deploy.0 = Release|Any CPU
		{425F8B33-8E8D-4DC9-87A5-146929F2330E}.Ad-Hoc|Any CPU.ActiveCfg = Ad-Hoc|iPhone
		{425F8B33-8E8D-4DC9-87A5-146929F2330E}.Ad-Hoc|iPhone.ActiveCfg = Ad-Hoc|iPhone
		{425F8B33-8E8D-4DC9-87A5-146929F2330E}.Ad-Hoc|iPhone.Build.0 = Ad-Hoc|iPhone
		{425F8B33-8E8D-4DC9-87A5-146929F2330E}.Ad-Hoc|iPhoneSimulator.ActiveCfg = Ad-Hoc|iPhoneSimulator
		{425F8B33-8E8D-4DC9-87A5-146929F2330E}.Ad-Hoc|iPhoneSimulator.Build.0 = Ad-Hoc|iPhoneSimulator
		{425F8B33-8E8D-4DC9-87A5-146929F2330E}.AppStore|Any CPU.ActiveCfg = AppStore|iPhone
		{425F8B33-8E8D-4DC9-87A5-146929F2330E}.AppStore|iPhone.ActiveCfg = AppStore|iPhone
		{425F8B33-8E8D-4DC9-87A5-146929F2330E}.AppStore|iPhone.Build.0 = AppStore|iPhone
		{425F8B33-8E8D-4DC9-87A5-146929F2330E}.AppStore|iPhoneSimulator.ActiveCfg = AppStore|iPhoneSimulator
		{425F8B33-8E8D-4DC9-87A5-146929F2330E}.AppStore|iPhoneSimulator.Build.0 = AppStore|iPhoneSimulator
		{425F8B33-8E8D-4DC9-87A5-146929F2330E}.Debug|Any CPU.ActiveCfg = Debug|iPhone
		{425F8B33-8E8D-4DC9-87A5-146929F2330E}.Debug|iPhone.ActiveCfg = Debug|iPhone
		{425F8B33-8E8D-4DC9-87A5-146929F2330E}.Debug|iPhone.Build.0 = Debug|iPhone
		{425F8B33-8E8D-4DC9-87A5-146929F2330E}.Debug|iPhoneSimulator.ActiveCfg = Debug|iPhoneSimulator
		{425F8B33-8E8D-4DC9-87A5-146929F2330E}.Debug|iPhoneSimulator.Build.0 = Debug|iPhoneSimulator
		{425F8B33-8E8D-4DC9-87A5-146929F2330E}.Release|Any CPU.ActiveCfg = Release|iPhone
		{425F8B33-8E8D-4DC9-87A5-146929F2330E}.Release|iPhone.ActiveCfg = Release|iPhone
		{425F8B33-8E8D-4DC9-87A5-146929F2330E}.Release|iPhone.Build.0 = Release|iPhone
		{425F8B33-8E8D-4DC9-87A5-146929F2330E}.Release|iPhoneSimulator.ActiveCfg = Release|iPhoneSimulator
		{425F8B33-8E8D-4DC9-87A5-146929F2330E}.Release|iPhoneSimulator.Build.0 = Release|iPhoneSimulator
		{C89C392D-AFD5-4B8E-920E-211B8F0B626A}.Ad-Hoc|Any CPU.ActiveCfg = Debug|Any CPU
		{C89C392D-AFD5-4B8E-920E-211B8F0B626A}.Ad-Hoc|Any CPU.Build.0 = Debug|Any CPU
		{C89C392D-AFD5-4B8E-920E-211B8F0B626A}.Ad-Hoc|iPhone.ActiveCfg = Debug|Any CPU
		{C89C392D-AFD5-4B8E-920E-211B8F0B626A}.Ad-Hoc|iPhone.Build.0 = Debug|Any CPU
		{C89C392D-AFD5-4B8E-920E-211B8F0B626A}.Ad-Hoc|iPhoneSimulator.ActiveCfg = Debug|Any CPU
		{C89C392D-AFD5-4B8E-920E-211B8F0B626A}.Ad-Hoc|iPhoneSimulator.Build.0 = Debug|Any CPU
		{C89C392D-AFD5-4B8E-920E-211B8F0B626A}.AppStore|Any CPU.ActiveCfg = Debug|Any CPU
		{C89C392D-AFD5-4B8E-920E-211B8F0B626A}.AppStore|Any CPU.Build.0 = Debug|Any CPU
		{C89C392D-AFD5-4B8E-920E-211B8F0B626A}.AppStore|iPhone.ActiveCfg = Debug|Any CPU
		{C89C392D-AFD5-4B8E-920E-211B8F0B626A}.AppStore|iPhone.Build.0 = Debug|Any CPU
		{C89C392D-AFD5-4B8E-920E-211B8F0B626A}.AppStore|iPhoneSimulator.ActiveCfg = Debug|Any CPU
		{C89C392D-AFD5-4B8E-920E-211B8F0B626A}.AppStore|iPhoneSimulator.Build.0 = Debug|Any CPU
		{C89C392D-AFD5-4B8E-920E-211B8F0B626A}.Debug|Any CPU.ActiveCfg = Debug|Any CPU
		{C89C392D-AFD5-4B8E-920E-211B8F0B626A}.Debug|Any CPU.Build.0 = Debug|Any CPU
		{C89C392D-AFD5-4B8E-920E-211B8F0B626A}.Debug|iPhone.ActiveCfg = Debug|Any CPU
		{C89C392D-AFD5-4B8E-920E-211B8F0B626A}.Debug|iPhone.Build.0 = Debug|Any CPU
		{C89C392D-AFD5-4B8E-920E-211B8F0B626A}.Debug|iPhoneSimulator.ActiveCfg = Debug|Any CPU
		{C89C392D-AFD5-4B8E-920E-211B8F0B626A}.Debug|iPhoneSimulator.Build.0 = Debug|Any CPU
		{C89C392D-AFD5-4B8E-920E-211B8F0B626A}.Release|Any CPU.ActiveCfg = Release|Any CPU
		{C89C392D-AFD5-4B8E-920E-211B8F0B626A}.Release|Any CPU.Build.0 = Release|Any CPU
		{C89C392D-AFD5-4B8E-920E-211B8F0B626A}.Release|iPhone.ActiveCfg = Release|Any CPU
		{C89C392D-AFD5-4B8E-920E-211B8F0B626A}.Release|iPhone.Build.0 = Release|Any CPU
		{C89C392D-AFD5-4B8E-920E-211B8F0B626A}.Release|iPhoneSimulator.ActiveCfg = Release|Any CPU
		{C89C392D-AFD5-4B8E-920E-211B8F0B626A}.Release|iPhoneSimulator.Build.0 = Release|Any CPU
	EndGlobalSection
	GlobalSection(SolutionProperties) = preSolution
		HideSolutionNode = FALSE
	EndGlobalSection
	GlobalSection(ExtensibilityGlobals) = postSolution
		SolutionGuid = {EC670ACE-575A-4E20-8740-52374802734D}
	EndGlobalSection
EndGlobal
