
Microsoft Visual Studio Solution File, Format Version 12.00
# Visual Studio 15
VisualStudioVersion = 15.0.27428.2015
MinimumVisualStudioVersion = 10.0.40219.1
Project("{FAE04EC0-301F-11D3-BF4B-00C04F79EFBC}") = "Images.Android", "Images\Images.Android\Images.Android.csproj", "{45B64F31-E670-4305-8566-0BC9FCEFD1FB}"
EndProject
Project("{FAE04EC0-301F-11D3-BF4B-00C04F79EFBC}") = "Images.iOS", "Images\Images.iOS\Images.iOS.csproj", "{99C8C5FE-F8DD-4529-8301-9C810D3FD33C}"
EndProject
Project("{FAE04EC0-301F-11D3-BF4B-00C04F79EFBC}") = "Images", "Images\Images\Images.csproj", "{7502D646-0FD4-4675-A235-C6A033E00483}"
EndProject
Global
	GlobalSection(SolutionConfigurationPlatforms) = preSolution
		Ad-Hoc|Any CPU = Ad-Hoc|Any CPU
		Ad-Hoc|iPhone = Ad-Hoc|iPhone
		Ad-Hoc|iPhoneSimulator = Ad-Hoc|iPhoneSimulator
		AppStore|Any CPU = AppStore|Any CPU
		AppStore|iPhone = AppStore|iPhone
		AppStore|iPhoneSimulator = AppStore|iPhoneSimulator
		Debug|Any CPU = Debug|Any CPU
		Debug|iPhone = Debug|iPhone
		Debug|iPhoneSimulator = Debug|iPhoneSimulator
		Release|Any CPU = Release|Any CPU
		Release|iPhone = Release|iPhone
		Release|iPhoneSimulator = Release|iPhoneSimulator
	EndGlobalSection
	GlobalSection(ProjectConfigurationPlatforms) = postSolution
		{45B64F31-E670-4305-8566-0BC9FCEFD1FB}.Ad-Hoc|Any CPU.ActiveCfg = Release|Any CPU
		{45B64F31-E670-4305-8566-0BC9FCEFD1FB}.Ad-Hoc|Any CPU.Build.0 = Release|Any CPU
		{45B64F31-E670-4305-8566-0BC9FCEFD1FB}.Ad-Hoc|Any CPU.Deploy.0 = Release|Any CPU
		{45B64F31-E670-4305-8566-0BC9FCEFD1FB}.Ad-Hoc|iPhone.ActiveCfg = Release|Any CPU
		{45B64F31-E670-4305-8566-0BC9FCEFD1FB}.Ad-Hoc|iPhone.Build.0 = Release|Any CPU
		{45B64F31-E670-4305-8566-0BC9FCEFD1FB}.Ad-Hoc|iPhone.Deploy.0 = Release|Any CPU
		{45B64F31-E670-4305-8566-0BC9FCEFD1FB}.Ad-Hoc|iPhoneSimulator.ActiveCfg = Release|Any CPU
		{45B64F31-E670-4305-8566-0BC9FCEFD1FB}.Ad-Hoc|iPhoneSimulator.Build.0 = Release|Any CPU
		{45B64F31-E670-4305-8566-0BC9FCEFD1FB}.Ad-Hoc|iPhoneSimulator.Deploy.0 = Release|Any CPU
		{45B64F31-E670-4305-8566-0BC9FCEFD1FB}.AppStore|Any CPU.ActiveCfg = Release|Any CPU
		{45B64F31-E670-4305-8566-0BC9FCEFD1FB}.AppStore|Any CPU.Build.0 = Release|Any CPU
		{45B64F31-E670-4305-8566-0BC9FCEFD1FB}.AppStore|Any CPU.Deploy.0 = Release|Any CPU
		{45B64F31-E670-4305-8566-0BC9FCEFD1FB}.AppStore|iPhone.ActiveCfg = Release|Any CPU
		{45B64F31-E670-4305-8566-0BC9FCEFD1FB}.AppStore|iPhone.Build.0 = Release|Any CPU
		{45B64F31-E670-4305-8566-0BC9FCEFD1FB}.AppStore|iPhone.Deploy.0 = Release|Any CPU
		{45B64F31-E670-4305-8566-0BC9FCEFD1FB}.AppStore|iPhoneSimulator.ActiveCfg = Release|Any CPU
		{45B64F31-E670-4305-8566-0BC9FCEFD1FB}.AppStore|iPhoneSimulator.Build.0 = Release|Any CPU
		{45B64F31-E670-4305-8566-0BC9FCEFD1FB}.AppStore|iPhoneSimulator.Deploy.0 = Release|Any CPU
		{45B64F31-E670-4305-8566-0BC9FCEFD1FB}.Debug|Any CPU.ActiveCfg = Debug|Any CPU
		{45B64F31-E670-4305-8566-0BC9FCEFD1FB}.Debug|Any CPU.Build.0 = Debug|Any CPU
		{45B64F31-E670-4305-8566-0BC9FCEFD1FB}.Debug|Any CPU.Deploy.0 = Debug|Any CPU
		{45B64F31-E670-4305-8566-0BC9FCEFD1FB}.Debug|iPhone.ActiveCfg = Debug|Any CPU
		{45B64F31-E670-4305-8566-0BC9FCEFD1FB}.Debug|iPhone.Build.0 = Debug|Any CPU
		{45B64F31-E670-4305-8566-0BC9FCEFD1FB}.Debug|iPhone.Deploy.0 = Debug|Any CPU
		{45B64F31-E670-4305-8566-0BC9FCEFD1FB}.Debug|iPhoneSimulator.ActiveCfg = Debug|Any CPU
		{45B64F31-E670-4305-8566-0BC9FCEFD1FB}.Debug|iPhoneSimulator.Build.0 = Debug|Any CPU
		{45B64F31-E670-4305-8566-0BC9FCEFD1FB}.Debug|iPhoneSimulator.Deploy.0 = Debug|Any CPU
		{45B64F31-E670-4305-8566-0BC9FCEFD1FB}.Release|Any CPU.ActiveCfg = Release|Any CPU
		{45B64F31-E670-4305-8566-0BC9FCEFD1FB}.Release|Any CPU.Build.0 = Release|Any CPU
		{45B64F31-E670-4305-8566-0BC9FCEFD1FB}.Release|Any CPU.Deploy.0 = Release|Any CPU
		{45B64F31-E670-4305-8566-0BC9FCEFD1FB}.Release|iPhone.ActiveCfg = Release|Any CPU
		{45B64F31-E670-4305-8566-0BC9FCEFD1FB}.Release|iPhone.Build.0 = Release|Any CPU
		{45B64F31-E670-4305-8566-0BC9FCEFD1FB}.Release|iPhone.Deploy.0 = Release|Any CPU
		{45B64F31-E670-4305-8566-0BC9FCEFD1FB}.Release|iPhoneSimulator.ActiveCfg = Release|Any CPU
		{45B64F31-E670-4305-8566-0BC9FCEFD1FB}.Release|iPhoneSimulator.Build.0 = Release|Any CPU
		{45B64F31-E670-4305-8566-0BC9FCEFD1FB}.Release|iPhoneSimulator.Deploy.0 = Release|Any CPU
		{99C8C5FE-F8DD-4529-8301-9C810D3FD33C}.Ad-Hoc|Any CPU.ActiveCfg = Ad-Hoc|iPhone
		{99C8C5FE-F8DD-4529-8301-9C810D3FD33C}.Ad-Hoc|iPhone.ActiveCfg = Ad-Hoc|iPhone
		{99C8C5FE-F8DD-4529-8301-9C810D3FD33C}.Ad-Hoc|iPhone.Build.0 = Ad-Hoc|iPhone
		{99C8C5FE-F8DD-4529-8301-9C810D3FD33C}.Ad-Hoc|iPhoneSimulator.ActiveCfg = Ad-Hoc|iPhoneSimulator
		{99C8C5FE-F8DD-4529-8301-9C810D3FD33C}.Ad-Hoc|iPhoneSimulator.Build.0 = Ad-Hoc|iPhoneSimulator
		{99C8C5FE-F8DD-4529-8301-9C810D3FD33C}.AppStore|Any CPU.ActiveCfg = AppStore|iPhone
		{99C8C5FE-F8DD-4529-8301-9C810D3FD33C}.AppStore|iPhone.ActiveCfg = AppStore|iPhone
		{99C8C5FE-F8DD-4529-8301-9C810D3FD33C}.AppStore|iPhone.Build.0 = AppStore|iPhone
		{99C8C5FE-F8DD-4529-8301-9C810D3FD33C}.AppStore|iPhoneSimulator.ActiveCfg = AppStore|iPhoneSimulator
		{99C8C5FE-F8DD-4529-8301-9C810D3FD33C}.AppStore|iPhoneSimulator.Build.0 = AppStore|iPhoneSimulator
		{99C8C5FE-F8DD-4529-8301-9C810D3FD33C}.Debug|Any CPU.ActiveCfg = Debug|iPhone
		{99C8C5FE-F8DD-4529-8301-9C810D3FD33C}.Debug|iPhone.ActiveCfg = Debug|iPhone
		{99C8C5FE-F8DD-4529-8301-9C810D3FD33C}.Debug|iPhone.Build.0 = Debug|iPhone
		{99C8C5FE-F8DD-4529-8301-9C810D3FD33C}.Debug|iPhoneSimulator.ActiveCfg = Debug|iPhoneSimulator
		{99C8C5FE-F8DD-4529-8301-9C810D3FD33C}.Debug|iPhoneSimulator.Build.0 = Debug|iPhoneSimulator
		{99C8C5FE-F8DD-4529-8301-9C810D3FD33C}.Release|Any CPU.ActiveCfg = Release|iPhone
		{99C8C5FE-F8DD-4529-8301-9C810D3FD33C}.Release|iPhone.ActiveCfg = Release|iPhone
		{99C8C5FE-F8DD-4529-8301-9C810D3FD33C}.Release|iPhone.Build.0 = Release|iPhone
		{99C8C5FE-F8DD-4529-8301-9C810D3FD33C}.Release|iPhoneSimulator.ActiveCfg = Release|iPhoneSimulator
		{99C8C5FE-F8DD-4529-8301-9C810D3FD33C}.Release|iPhoneSimulator.Build.0 = Release|iPhoneSimulator
		{7502D646-0FD4-4675-A235-C6A033E00483}.Ad-Hoc|Any CPU.ActiveCfg = Debug|Any CPU
		{7502D646-0FD4-4675-A235-C6A033E00483}.Ad-Hoc|Any CPU.Build.0 = Debug|Any CPU
		{7502D646-0FD4-4675-A235-C6A033E00483}.Ad-Hoc|iPhone.ActiveCfg = Debug|Any CPU
		{7502D646-0FD4-4675-A235-C6A033E00483}.Ad-Hoc|iPhone.Build.0 = Debug|Any CPU
		{7502D646-0FD4-4675-A235-C6A033E00483}.Ad-Hoc|iPhoneSimulator.ActiveCfg = Debug|Any CPU
		{7502D646-0FD4-4675-A235-C6A033E00483}.Ad-Hoc|iPhoneSimulator.Build.0 = Debug|Any CPU
		{7502D646-0FD4-4675-A235-C6A033E00483}.AppStore|Any CPU.ActiveCfg = Debug|Any CPU
		{7502D646-0FD4-4675-A235-C6A033E00483}.AppStore|Any CPU.Build.0 = Debug|Any CPU
		{7502D646-0FD4-4675-A235-C6A033E00483}.AppStore|iPhone.ActiveCfg = Debug|Any CPU
		{7502D646-0FD4-4675-A235-C6A033E00483}.AppStore|iPhone.Build.0 = Debug|Any CPU
		{7502D646-0FD4-4675-A235-C6A033E00483}.AppStore|iPhoneSimulator.ActiveCfg = Debug|Any CPU
		{7502D646-0FD4-4675-A235-C6A033E00483}.AppStore|iPhoneSimulator.Build.0 = Debug|Any CPU
		{7502D646-0FD4-4675-A235-C6A033E00483}.Debug|Any CPU.ActiveCfg = Debug|Any CPU
		{7502D646-0FD4-4675-A235-C6A033E00483}.Debug|Any CPU.Build.0 = Debug|Any CPU
		{7502D646-0FD4-4675-A235-C6A033E00483}.Debug|iPhone.ActiveCfg = Debug|Any CPU
		{7502D646-0FD4-4675-A235-C6A033E00483}.Debug|iPhone.Build.0 = Debug|Any CPU
		{7502D646-0FD4-4675-A235-C6A033E00483}.Debug|iPhoneSimulator.ActiveCfg = Debug|Any CPU
		{7502D646-0FD4-4675-A235-C6A033E00483}.Debug|iPhoneSimulator.Build.0 = Debug|Any CPU
		{7502D646-0FD4-4675-A235-C6A033E00483}.Release|Any CPU.ActiveCfg = Release|Any CPU
		{7502D646-0FD4-4675-A235-C6A033E00483}.Release|Any CPU.Build.0 = Release|Any CPU
		{7502D646-0FD4-4675-A235-C6A033E00483}.Release|iPhone.ActiveCfg = Release|Any CPU
		{7502D646-0FD4-4675-A235-C6A033E00483}.Release|iPhone.Build.0 = Release|Any CPU
		{7502D646-0FD4-4675-A235-C6A033E00483}.Release|iPhoneSimulator.ActiveCfg = Release|Any CPU
		{7502D646-0FD4-4675-A235-C6A033E00483}.Release|iPhoneSimulator.Build.0 = Release|Any CPU
	EndGlobalSection
	GlobalSection(SolutionProperties) = preSolution
		HideSolutionNode = FALSE
	EndGlobalSection
	GlobalSection(ExtensibilityGlobals) = postSolution
		SolutionGuid = {EDE49284-263D-49FD-A8AA-1C78B0E1092E}
	EndGlobalSection
EndGlobal
