
Microsoft Visual Studio Solution File, Format Version 12.00
# Visual Studio 15
VisualStudioVersion = 15.0.27428.2015
MinimumVisualStudioVersion = 10.0.40219.1
Project("{FAE04EC0-301F-11D3-BF4B-00C04F79EFBC}") = "AppIcon.Android", "AppIcon\AppIcon.Android\AppIcon.Android.csproj", "{08B1C492-5121-4310-A98F-EC56E88C8EA3}"
EndProject
Project("{FAE04EC0-301F-11D3-BF4B-00C04F79EFBC}") = "AppIcon.iOS", "AppIcon\AppIcon.iOS\AppIcon.iOS.csproj", "{75892482-9627-40D7-B4D6-861933BE59B7}"
EndProject
Project("{FAE04EC0-301F-11D3-BF4B-00C04F79EFBC}") = "AppIcon", "AppIcon\AppIcon\AppIcon.csproj", "{36EEAC7F-6EBD-4AD0-B15D-4A35A0E3FFF5}"
EndProject
Global
	GlobalSection(SolutionConfigurationPlatforms) = preSolution
		Ad-Hoc|Any CPU = Ad-Hoc|Any CPU
		Ad-Hoc|iPhone = Ad-Hoc|iPhone
		Ad-Hoc|iPhoneSimulator = Ad-Hoc|iPhoneSimulator
		AppStore|Any CPU = AppStore|Any CPU
		AppStore|iPhone = AppStore|iPhone
		AppStore|iPhoneSimulator = AppStore|iPhoneSimulator
		Debug|Any CPU = Debug|Any CPU
		Debug|iPhone = Debug|iPhone
		Debug|iPhoneSimulator = Debug|iPhoneSimulator
		Release|Any CPU = Release|Any CPU
		Release|iPhone = Release|iPhone
		Release|iPhoneSimulator = Release|iPhoneSimulator
	EndGlobalSection
	GlobalSection(ProjectConfigurationPlatforms) = postSolution
		{08B1C492-5121-4310-A98F-EC56E88C8EA3}.Ad-Hoc|Any CPU.ActiveCfg = Release|Any CPU
		{08B1C492-5121-4310-A98F-EC56E88C8EA3}.Ad-Hoc|Any CPU.Build.0 = Release|Any CPU
		{08B1C492-5121-4310-A98F-EC56E88C8EA3}.Ad-Hoc|Any CPU.Deploy.0 = Release|Any CPU
		{08B1C492-5121-4310-A98F-EC56E88C8EA3}.Ad-Hoc|iPhone.ActiveCfg = Release|Any CPU
		{08B1C492-5121-4310-A98F-EC56E88C8EA3}.Ad-Hoc|iPhone.Build.0 = Release|Any CPU
		{08B1C492-5121-4310-A98F-EC56E88C8EA3}.Ad-Hoc|iPhone.Deploy.0 = Release|Any CPU
		{08B1C492-5121-4310-A98F-EC56E88C8EA3}.Ad-Hoc|iPhoneSimulator.ActiveCfg = Release|Any CPU
		{08B1C492-5121-4310-A98F-EC56E88C8EA3}.Ad-Hoc|iPhoneSimulator.Build.0 = Release|Any CPU
		{08B1C492-5121-4310-A98F-EC56E88C8EA3}.Ad-Hoc|iPhoneSimulator.Deploy.0 = Release|Any CPU
		{08B1C492-5121-4310-A98F-EC56E88C8EA3}.AppStore|Any CPU.ActiveCfg = Release|Any CPU
		{08B1C492-5121-4310-A98F-EC56E88C8EA3}.AppStore|Any CPU.Build.0 = Release|Any CPU
		{08B1C492-5121-4310-A98F-EC56E88C8EA3}.AppStore|Any CPU.Deploy.0 = Release|Any CPU
		{08B1C492-5121-4310-A98F-EC56E88C8EA3}.AppStore|iPhone.ActiveCfg = Release|Any CPU
		{08B1C492-5121-4310-A98F-EC56E88C8EA3}.AppStore|iPhone.Build.0 = Release|Any CPU
		{08B1C492-5121-4310-A98F-EC56E88C8EA3}.AppStore|iPhone.Deploy.0 = Release|Any CPU
		{08B1C492-5121-4310-A98F-EC56E88C8EA3}.AppStore|iPhoneSimulator.ActiveCfg = Release|Any CPU
		{08B1C492-5121-4310-A98F-EC56E88C8EA3}.AppStore|iPhoneSimulator.Build.0 = Release|Any CPU
		{08B1C492-5121-4310-A98F-EC56E88C8EA3}.AppStore|iPhoneSimulator.Deploy.0 = Release|Any CPU
		{08B1C492-5121-4310-A98F-EC56E88C8EA3}.Debug|Any CPU.ActiveCfg = Debug|Any CPU
		{08B1C492-5121-4310-A98F-EC56E88C8EA3}.Debug|Any CPU.Build.0 = Debug|Any CPU
		{08B1C492-5121-4310-A98F-EC56E88C8EA3}.Debug|Any CPU.Deploy.0 = Debug|Any CPU
		{08B1C492-5121-4310-A98F-EC56E88C8EA3}.Debug|iPhone.ActiveCfg = Debug|Any CPU
		{08B1C492-5121-4310-A98F-EC56E88C8EA3}.Debug|iPhone.Build.0 = Debug|Any CPU
		{08B1C492-5121-4310-A98F-EC56E88C8EA3}.Debug|iPhone.Deploy.0 = Debug|Any CPU
		{08B1C492-5121-4310-A98F-EC56E88C8EA3}.Debug|iPhoneSimulator.ActiveCfg = Debug|Any CPU
		{08B1C492-5121-4310-A98F-EC56E88C8EA3}.Debug|iPhoneSimulator.Build.0 = Debug|Any CPU
		{08B1C492-5121-4310-A98F-EC56E88C8EA3}.Debug|iPhoneSimulator.Deploy.0 = Debug|Any CPU
		{08B1C492-5121-4310-A98F-EC56E88C8EA3}.Release|Any CPU.ActiveCfg = Release|Any CPU
		{08B1C492-5121-4310-A98F-EC56E88C8EA3}.Release|Any CPU.Build.0 = Release|Any CPU
		{08B1C492-5121-4310-A98F-EC56E88C8EA3}.Release|Any CPU.Deploy.0 = Release|Any CPU
		{08B1C492-5121-4310-A98F-EC56E88C8EA3}.Release|iPhone.ActiveCfg = Release|Any CPU
		{08B1C492-5121-4310-A98F-EC56E88C8EA3}.Release|iPhone.Build.0 = Release|Any CPU
		{08B1C492-5121-4310-A98F-EC56E88C8EA3}.Release|iPhone.Deploy.0 = Release|Any CPU
		{08B1C492-5121-4310-A98F-EC56E88C8EA3}.Release|iPhoneSimulator.ActiveCfg = Release|Any CPU
		{08B1C492-5121-4310-A98F-EC56E88C8EA3}.Release|iPhoneSimulator.Build.0 = Release|Any CPU
		{08B1C492-5121-4310-A98F-EC56E88C8EA3}.Release|iPhoneSimulator.Deploy.0 = Release|Any CPU
		{75892482-9627-40D7-B4D6-861933BE59B7}.Ad-Hoc|Any CPU.ActiveCfg = Ad-Hoc|iPhone
		{75892482-9627-40D7-B4D6-861933BE59B7}.Ad-Hoc|iPhone.ActiveCfg = Ad-Hoc|iPhone
		{75892482-9627-40D7-B4D6-861933BE59B7}.Ad-Hoc|iPhone.Build.0 = Ad-Hoc|iPhone
		{75892482-9627-40D7-B4D6-861933BE59B7}.Ad-Hoc|iPhoneSimulator.ActiveCfg = Ad-Hoc|iPhoneSimulator
		{75892482-9627-40D7-B4D6-861933BE59B7}.Ad-Hoc|iPhoneSimulator.Build.0 = Ad-Hoc|iPhoneSimulator
		{75892482-9627-40D7-B4D6-861933BE59B7}.AppStore|Any CPU.ActiveCfg = AppStore|iPhone
		{75892482-9627-40D7-B4D6-861933BE59B7}.AppStore|iPhone.ActiveCfg = AppStore|iPhone
		{75892482-9627-40D7-B4D6-861933BE59B7}.AppStore|iPhone.Build.0 = AppStore|iPhone
		{75892482-9627-40D7-B4D6-861933BE59B7}.AppStore|iPhoneSimulator.ActiveCfg = AppStore|iPhoneSimulator
		{75892482-9627-40D7-B4D6-861933BE59B7}.AppStore|iPhoneSimulator.Build.0 = AppStore|iPhoneSimulator
		{75892482-9627-40D7-B4D6-861933BE59B7}.Debug|Any CPU.ActiveCfg = Debug|iPhone
		{75892482-9627-40D7-B4D6-861933BE59B7}.Debug|iPhone.ActiveCfg = Debug|iPhone
		{75892482-9627-40D7-B4D6-861933BE59B7}.Debug|iPhone.Build.0 = Debug|iPhone
		{75892482-9627-40D7-B4D6-861933BE59B7}.Debug|iPhoneSimulator.ActiveCfg = Debug|iPhoneSimulator
		{75892482-9627-40D7-B4D6-861933BE59B7}.Debug|iPhoneSimulator.Build.0 = Debug|iPhoneSimulator
		{75892482-9627-40D7-B4D6-861933BE59B7}.Release|Any CPU.ActiveCfg = Release|iPhone
		{75892482-9627-40D7-B4D6-861933BE59B7}.Release|iPhone.ActiveCfg = Release|iPhone
		{75892482-9627-40D7-B4D6-861933BE59B7}.Release|iPhone.Build.0 = Release|iPhone
		{75892482-9627-40D7-B4D6-861933BE59B7}.Release|iPhoneSimulator.ActiveCfg = Release|iPhoneSimulator
		{75892482-9627-40D7-B4D6-861933BE59B7}.Release|iPhoneSimulator.Build.0 = Release|iPhoneSimulator
		{36EEAC7F-6EBD-4AD0-B15D-4A35A0E3FFF5}.Ad-Hoc|Any CPU.ActiveCfg = Debug|Any CPU
		{36EEAC7F-6EBD-4AD0-B15D-4A35A0E3FFF5}.Ad-Hoc|Any CPU.Build.0 = Debug|Any CPU
		{36EEAC7F-6EBD-4AD0-B15D-4A35A0E3FFF5}.Ad-Hoc|iPhone.ActiveCfg = Debug|Any CPU
		{36EEAC7F-6EBD-4AD0-B15D-4A35A0E3FFF5}.Ad-Hoc|iPhone.Build.0 = Debug|Any CPU
		{36EEAC7F-6EBD-4AD0-B15D-4A35A0E3FFF5}.Ad-Hoc|iPhoneSimulator.ActiveCfg = Debug|Any CPU
		{36EEAC7F-6EBD-4AD0-B15D-4A35A0E3FFF5}.Ad-Hoc|iPhoneSimulator.Build.0 = Debug|Any CPU
		{36EEAC7F-6EBD-4AD0-B15D-4A35A0E3FFF5}.AppStore|Any CPU.ActiveCfg = Debug|Any CPU
		{36EEAC7F-6EBD-4AD0-B15D-4A35A0E3FFF5}.AppStore|Any CPU.Build.0 = Debug|Any CPU
		{36EEAC7F-6EBD-4AD0-B15D-4A35A0E3FFF5}.AppStore|iPhone.ActiveCfg = Debug|Any CPU
		{36EEAC7F-6EBD-4AD0-B15D-4A35A0E3FFF5}.AppStore|iPhone.Build.0 = Debug|Any CPU
		{36EEAC7F-6EBD-4AD0-B15D-4A35A0E3FFF5}.AppStore|iPhoneSimulator.ActiveCfg = Debug|Any CPU
		{36EEAC7F-6EBD-4AD0-B15D-4A35A0E3FFF5}.AppStore|iPhoneSimulator.Build.0 = Debug|Any CPU
		{36EEAC7F-6EBD-4AD0-B15D-4A35A0E3FFF5}.Debug|Any CPU.ActiveCfg = Debug|Any CPU
		{36EEAC7F-6EBD-4AD0-B15D-4A35A0E3FFF5}.Debug|Any CPU.Build.0 = Debug|Any CPU
		{36EEAC7F-6EBD-4AD0-B15D-4A35A0E3FFF5}.Debug|iPhone.ActiveCfg = Debug|Any CPU
		{36EEAC7F-6EBD-4AD0-B15D-4A35A0E3FFF5}.Debug|iPhone.Build.0 = Debug|Any CPU
		{36EEAC7F-6EBD-4AD0-B15D-4A35A0E3FFF5}.Debug|iPhoneSimulator.ActiveCfg = Debug|Any CPU
		{36EEAC7F-6EBD-4AD0-B15D-4A35A0E3FFF5}.Debug|iPhoneSimulator.Build.0 = Debug|Any CPU
		{36EEAC7F-6EBD-4AD0-B15D-4A35A0E3FFF5}.Release|Any CPU.ActiveCfg = Release|Any CPU
		{36EEAC7F-6EBD-4AD0-B15D-4A35A0E3FFF5}.Release|Any CPU.Build.0 = Release|Any CPU
		{36EEAC7F-6EBD-4AD0-B15D-4A35A0E3FFF5}.Release|iPhone.ActiveCfg = Release|Any CPU
		{36EEAC7F-6EBD-4AD0-B15D-4A35A0E3FFF5}.Release|iPhone.Build.0 = Release|Any CPU
		{36EEAC7F-6EBD-4AD0-B15D-4A35A0E3FFF5}.Release|iPhoneSimulator.ActiveCfg = Release|Any CPU
		{36EEAC7F-6EBD-4AD0-B15D-4A35A0E3FFF5}.Release|iPhoneSimulator.Build.0 = Release|Any CPU
	EndGlobalSection
	GlobalSection(SolutionProperties) = preSolution
		HideSolutionNode = FALSE
	EndGlobalSection
	GlobalSection(ExtensibilityGlobals) = postSolution
		SolutionGuid = {FB18DBD3-EFC5-458F-815E-29E1767E31E6}
	EndGlobalSection
EndGlobal
