
Microsoft Visual Studio Solution File, Format Version 12.00
# Visual Studio 15
VisualStudioVersion = 15.0.27428.2015
MinimumVisualStudioVersion = 10.0.40219.1
Project("{FAE04EC0-301F-11D3-BF4B-00C04F79EFBC}") = "NavPage.Android", "NavPage\NavPage.Android\NavPage.Android.csproj", "{A879E083-B3CA-4909-9CAD-BDB9C063E2DD}"
EndProject
Project("{FAE04EC0-301F-11D3-BF4B-00C04F79EFBC}") = "NavPage.iOS", "NavPage\NavPage.iOS\NavPage.iOS.csproj", "{89B725CF-9568-41E3-8774-E941A6078522}"
EndProject
Project("{FAE04EC0-301F-11D3-BF4B-00C04F79EFBC}") = "NavPage", "NavPage\NavPage\NavPage.csproj", "{5704AF89-415B-4893-8A6A-6490EB674DCA}"
EndProject
Global
	GlobalSection(SolutionConfigurationPlatforms) = preSolution
		Ad-Hoc|Any CPU = Ad-Hoc|Any CPU
		Ad-Hoc|iPhone = Ad-Hoc|iPhone
		Ad-Hoc|iPhoneSimulator = Ad-Hoc|iPhoneSimulator
		AppStore|Any CPU = AppStore|Any CPU
		AppStore|iPhone = AppStore|iPhone
		AppStore|iPhoneSimulator = AppStore|iPhoneSimulator
		Debug|Any CPU = Debug|Any CPU
		Debug|iPhone = Debug|iPhone
		Debug|iPhoneSimulator = Debug|iPhoneSimulator
		Release|Any CPU = Release|Any CPU
		Release|iPhone = Release|iPhone
		Release|iPhoneSimulator = Release|iPhoneSimulator
	EndGlobalSection
	GlobalSection(ProjectConfigurationPlatforms) = postSolution
		{A879E083-B3CA-4909-9CAD-BDB9C063E2DD}.Ad-Hoc|Any CPU.ActiveCfg = Release|Any CPU
		{A879E083-B3CA-4909-9CAD-BDB9C063E2DD}.Ad-Hoc|Any CPU.Build.0 = Release|Any CPU
		{A879E083-B3CA-4909-9CAD-BDB9C063E2DD}.Ad-Hoc|Any CPU.Deploy.0 = Release|Any CPU
		{A879E083-B3CA-4909-9CAD-BDB9C063E2DD}.Ad-Hoc|iPhone.ActiveCfg = Release|Any CPU
		{A879E083-B3CA-4909-9CAD-BDB9C063E2DD}.Ad-Hoc|iPhone.Build.0 = Release|Any CPU
		{A879E083-B3CA-4909-9CAD-BDB9C063E2DD}.Ad-Hoc|iPhone.Deploy.0 = Release|Any CPU
		{A879E083-B3CA-4909-9CAD-BDB9C063E2DD}.Ad-Hoc|iPhoneSimulator.ActiveCfg = Release|Any CPU
		{A879E083-B3CA-4909-9CAD-BDB9C063E2DD}.Ad-Hoc|iPhoneSimulator.Build.0 = Release|Any CPU
		{A879E083-B3CA-4909-9CAD-BDB9C063E2DD}.Ad-Hoc|iPhoneSimulator.Deploy.0 = Release|Any CPU
		{A879E083-B3CA-4909-9CAD-BDB9C063E2DD}.AppStore|Any CPU.ActiveCfg = Release|Any CPU
		{A879E083-B3CA-4909-9CAD-BDB9C063E2DD}.AppStore|Any CPU.Build.0 = Release|Any CPU
		{A879E083-B3CA-4909-9CAD-BDB9C063E2DD}.AppStore|Any CPU.Deploy.0 = Release|Any CPU
		{A879E083-B3CA-4909-9CAD-BDB9C063E2DD}.AppStore|iPhone.ActiveCfg = Release|Any CPU
		{A879E083-B3CA-4909-9CAD-BDB9C063E2DD}.AppStore|iPhone.Build.0 = Release|Any CPU
		{A879E083-B3CA-4909-9CAD-BDB9C063E2DD}.AppStore|iPhone.Deploy.0 = Release|Any CPU
		{A879E083-B3CA-4909-9CAD-BDB9C063E2DD}.AppStore|iPhoneSimulator.ActiveCfg = Release|Any CPU
		{A879E083-B3CA-4909-9CAD-BDB9C063E2DD}.AppStore|iPhoneSimulator.Build.0 = Release|Any CPU
		{A879E083-B3CA-4909-9CAD-BDB9C063E2DD}.AppStore|iPhoneSimulator.Deploy.0 = Release|Any CPU
		{A879E083-B3CA-4909-9CAD-BDB9C063E2DD}.Debug|Any CPU.ActiveCfg = Debug|Any CPU
		{A879E083-B3CA-4909-9CAD-BDB9C063E2DD}.Debug|Any CPU.Build.0 = Debug|Any CPU
		{A879E083-B3CA-4909-9CAD-BDB9C063E2DD}.Debug|Any CPU.Deploy.0 = Debug|Any CPU
		{A879E083-B3CA-4909-9CAD-BDB9C063E2DD}.Debug|iPhone.ActiveCfg = Debug|Any CPU
		{A879E083-B3CA-4909-9CAD-BDB9C063E2DD}.Debug|iPhone.Build.0 = Debug|Any CPU
		{A879E083-B3CA-4909-9CAD-BDB9C063E2DD}.Debug|iPhone.Deploy.0 = Debug|Any CPU
		{A879E083-B3CA-4909-9CAD-BDB9C063E2DD}.Debug|iPhoneSimulator.ActiveCfg = Debug|Any CPU
		{A879E083-B3CA-4909-9CAD-BDB9C063E2DD}.Debug|iPhoneSimulator.Build.0 = Debug|Any CPU
		{A879E083-B3CA-4909-9CAD-BDB9C063E2DD}.Debug|iPhoneSimulator.Deploy.0 = Debug|Any CPU
		{A879E083-B3CA-4909-9CAD-BDB9C063E2DD}.Release|Any CPU.ActiveCfg = Release|Any CPU
		{A879E083-B3CA-4909-9CAD-BDB9C063E2DD}.Release|Any CPU.Build.0 = Release|Any CPU
		{A879E083-B3CA-4909-9CAD-BDB9C063E2DD}.Release|Any CPU.Deploy.0 = Release|Any CPU
		{A879E083-B3CA-4909-9CAD-BDB9C063E2DD}.Release|iPhone.ActiveCfg = Release|Any CPU
		{A879E083-B3CA-4909-9CAD-BDB9C063E2DD}.Release|iPhone.Build.0 = Release|Any CPU
		{A879E083-B3CA-4909-9CAD-BDB9C063E2DD}.Release|iPhone.Deploy.0 = Release|Any CPU
		{A879E083-B3CA-4909-9CAD-BDB9C063E2DD}.Release|iPhoneSimulator.ActiveCfg = Release|Any CPU
		{A879E083-B3CA-4909-9CAD-BDB9C063E2DD}.Release|iPhoneSimulator.Build.0 = Release|Any CPU
		{A879E083-B3CA-4909-9CAD-BDB9C063E2DD}.Release|iPhoneSimulator.Deploy.0 = Release|Any CPU
		{89B725CF-9568-41E3-8774-E941A6078522}.Ad-Hoc|Any CPU.ActiveCfg = Ad-Hoc|iPhone
		{89B725CF-9568-41E3-8774-E941A6078522}.Ad-Hoc|iPhone.ActiveCfg = Ad-Hoc|iPhone
		{89B725CF-9568-41E3-8774-E941A6078522}.Ad-Hoc|iPhone.Build.0 = Ad-Hoc|iPhone
		{89B725CF-9568-41E3-8774-E941A6078522}.Ad-Hoc|iPhoneSimulator.ActiveCfg = Ad-Hoc|iPhoneSimulator
		{89B725CF-9568-41E3-8774-E941A6078522}.Ad-Hoc|iPhoneSimulator.Build.0 = Ad-Hoc|iPhoneSimulator
		{89B725CF-9568-41E3-8774-E941A6078522}.AppStore|Any CPU.ActiveCfg = AppStore|iPhone
		{89B725CF-9568-41E3-8774-E941A6078522}.AppStore|iPhone.ActiveCfg = AppStore|iPhone
		{89B725CF-9568-41E3-8774-E941A6078522}.AppStore|iPhone.Build.0 = AppStore|iPhone
		{89B725CF-9568-41E3-8774-E941A6078522}.AppStore|iPhoneSimulator.ActiveCfg = AppStore|iPhoneSimulator
		{89B725CF-9568-41E3-8774-E941A6078522}.AppStore|iPhoneSimulator.Build.0 = AppStore|iPhoneSimulator
		{89B725CF-9568-41E3-8774-E941A6078522}.Debug|Any CPU.ActiveCfg = Debug|iPhone
		{89B725CF-9568-41E3-8774-E941A6078522}.Debug|iPhone.ActiveCfg = Debug|iPhone
		{89B725CF-9568-41E3-8774-E941A6078522}.Debug|iPhone.Build.0 = Debug|iPhone
		{89B725CF-9568-41E3-8774-E941A6078522}.Debug|iPhoneSimulator.ActiveCfg = Debug|iPhoneSimulator
		{89B725CF-9568-41E3-8774-E941A6078522}.Debug|iPhoneSimulator.Build.0 = Debug|iPhoneSimulator
		{89B725CF-9568-41E3-8774-E941A6078522}.Release|Any CPU.ActiveCfg = Release|iPhone
		{89B725CF-9568-41E3-8774-E941A6078522}.Release|iPhone.ActiveCfg = Release|iPhone
		{89B725CF-9568-41E3-8774-E941A6078522}.Release|iPhone.Build.0 = Release|iPhone
		{89B725CF-9568-41E3-8774-E941A6078522}.Release|iPhoneSimulator.ActiveCfg = Release|iPhoneSimulator
		{89B725CF-9568-41E3-8774-E941A6078522}.Release|iPhoneSimulator.Build.0 = Release|iPhoneSimulator
		{5704AF89-415B-4893-8A6A-6490EB674DCA}.Ad-Hoc|Any CPU.ActiveCfg = Debug|Any CPU
		{5704AF89-415B-4893-8A6A-6490EB674DCA}.Ad-Hoc|Any CPU.Build.0 = Debug|Any CPU
		{5704AF89-415B-4893-8A6A-6490EB674DCA}.Ad-Hoc|iPhone.ActiveCfg = Debug|Any CPU
		{5704AF89-415B-4893-8A6A-6490EB674DCA}.Ad-Hoc|iPhone.Build.0 = Debug|Any CPU
		{5704AF89-415B-4893-8A6A-6490EB674DCA}.Ad-Hoc|iPhoneSimulator.ActiveCfg = Debug|Any CPU
		{5704AF89-415B-4893-8A6A-6490EB674DCA}.Ad-Hoc|iPhoneSimulator.Build.0 = Debug|Any CPU
		{5704AF89-415B-4893-8A6A-6490EB674DCA}.AppStore|Any CPU.ActiveCfg = Debug|Any CPU
		{5704AF89-415B-4893-8A6A-6490EB674DCA}.AppStore|Any CPU.Build.0 = Debug|Any CPU
		{5704AF89-415B-4893-8A6A-6490EB674DCA}.AppStore|iPhone.ActiveCfg = Debug|Any CPU
		{5704AF89-415B-4893-8A6A-6490EB674DCA}.AppStore|iPhone.Build.0 = Debug|Any CPU
		{5704AF89-415B-4893-8A6A-6490EB674DCA}.AppStore|iPhoneSimulator.ActiveCfg = Debug|Any CPU
		{5704AF89-415B-4893-8A6A-6490EB674DCA}.AppStore|iPhoneSimulator.Build.0 = Debug|Any CPU
		{5704AF89-415B-4893-8A6A-6490EB674DCA}.Debug|Any CPU.ActiveCfg = Debug|Any CPU
		{5704AF89-415B-4893-8A6A-6490EB674DCA}.Debug|Any CPU.Build.0 = Debug|Any CPU
		{5704AF89-415B-4893-8A6A-6490EB674DCA}.Debug|iPhone.ActiveCfg = Debug|Any CPU
		{5704AF89-415B-4893-8A6A-6490EB674DCA}.Debug|iPhone.Build.0 = Debug|Any CPU
		{5704AF89-415B-4893-8A6A-6490EB674DCA}.Debug|iPhoneSimulator.ActiveCfg = Debug|Any CPU
		{5704AF89-415B-4893-8A6A-6490EB674DCA}.Debug|iPhoneSimulator.Build.0 = Debug|Any CPU
		{5704AF89-415B-4893-8A6A-6490EB674DCA}.Release|Any CPU.ActiveCfg = Release|Any CPU
		{5704AF89-415B-4893-8A6A-6490EB674DCA}.Release|Any CPU.Build.0 = Release|Any CPU
		{5704AF89-415B-4893-8A6A-6490EB674DCA}.Release|iPhone.ActiveCfg = Release|Any CPU
		{5704AF89-415B-4893-8A6A-6490EB674DCA}.Release|iPhone.Build.0 = Release|Any CPU
		{5704AF89-415B-4893-8A6A-6490EB674DCA}.Release|iPhoneSimulator.ActiveCfg = Release|Any CPU
		{5704AF89-415B-4893-8A6A-6490EB674DCA}.Release|iPhoneSimulator.Build.0 = Release|Any CPU
	EndGlobalSection
	GlobalSection(SolutionProperties) = preSolution
		HideSolutionNode = FALSE
	EndGlobalSection
	GlobalSection(ExtensibilityGlobals) = postSolution
		SolutionGuid = {8D9E4D6E-8E06-4E97-A582-259F80610F2F}
	EndGlobalSection
EndGlobal
