
Microsoft Visual Studio Solution File, Format Version 12.00
# Visual Studio 15
VisualStudioVersion = 15.0.27428.2015
MinimumVisualStudioVersion = 10.0.40219.1
Project("{FAE04EC0-301F-11D3-BF4B-00C04F79EFBC}") = "LayoutComplex.Android", "LayoutComplex\LayoutComplex.Android\LayoutComplex.Android.csproj", "{A9140FF4-6C9D-4EBA-A8AA-E50CCD5CD6CD}"
EndProject
Project("{FAE04EC0-301F-11D3-BF4B-00C04F79EFBC}") = "LayoutComplex.iOS", "LayoutComplex\LayoutComplex.iOS\LayoutComplex.iOS.csproj", "{5C82A378-FC14-4698-BF5C-7FF62F4E25D2}"
EndProject
Project("{FAE04EC0-301F-11D3-BF4B-00C04F79EFBC}") = "LayoutComplex", "LayoutComplex\LayoutComplex\LayoutComplex.csproj", "{15D1287A-FE95-4D2E-B88C-7D9DEDA2EADB}"
EndProject
Global
	GlobalSection(SolutionConfigurationPlatforms) = preSolution
		Ad-Hoc|Any CPU = Ad-Hoc|Any CPU
		Ad-Hoc|iPhone = Ad-Hoc|iPhone
		Ad-Hoc|iPhoneSimulator = Ad-Hoc|iPhoneSimulator
		AppStore|Any CPU = AppStore|Any CPU
		AppStore|iPhone = AppStore|iPhone
		AppStore|iPhoneSimulator = AppStore|iPhoneSimulator
		Debug|Any CPU = Debug|Any CPU
		Debug|iPhone = Debug|iPhone
		Debug|iPhoneSimulator = Debug|iPhoneSimulator
		Release|Any CPU = Release|Any CPU
		Release|iPhone = Release|iPhone
		Release|iPhoneSimulator = Release|iPhoneSimulator
	EndGlobalSection
	GlobalSection(ProjectConfigurationPlatforms) = postSolution
		{A9140FF4-6C9D-4EBA-A8AA-E50CCD5CD6CD}.Ad-Hoc|Any CPU.ActiveCfg = Release|Any CPU
		{A9140FF4-6C9D-4EBA-A8AA-E50CCD5CD6CD}.Ad-Hoc|Any CPU.Build.0 = Release|Any CPU
		{A9140FF4-6C9D-4EBA-A8AA-E50CCD5CD6CD}.Ad-Hoc|Any CPU.Deploy.0 = Release|Any CPU
		{A9140FF4-6C9D-4EBA-A8AA-E50CCD5CD6CD}.Ad-Hoc|iPhone.ActiveCfg = Release|Any CPU
		{A9140FF4-6C9D-4EBA-A8AA-E50CCD5CD6CD}.Ad-Hoc|iPhone.Build.0 = Release|Any CPU
		{A9140FF4-6C9D-4EBA-A8AA-E50CCD5CD6CD}.Ad-Hoc|iPhone.Deploy.0 = Release|Any CPU
		{A9140FF4-6C9D-4EBA-A8AA-E50CCD5CD6CD}.Ad-Hoc|iPhoneSimulator.ActiveCfg = Release|Any CPU
		{A9140FF4-6C9D-4EBA-A8AA-E50CCD5CD6CD}.Ad-Hoc|iPhoneSimulator.Build.0 = Release|Any CPU
		{A9140FF4-6C9D-4EBA-A8AA-E50CCD5CD6CD}.Ad-Hoc|iPhoneSimulator.Deploy.0 = Release|Any CPU
		{A9140FF4-6C9D-4EBA-A8AA-E50CCD5CD6CD}.AppStore|Any CPU.ActiveCfg = Release|Any CPU
		{A9140FF4-6C9D-4EBA-A8AA-E50CCD5CD6CD}.AppStore|Any CPU.Build.0 = Release|Any CPU
		{A9140FF4-6C9D-4EBA-A8AA-E50CCD5CD6CD}.AppStore|Any CPU.Deploy.0 = Release|Any CPU
		{A9140FF4-6C9D-4EBA-A8AA-E50CCD5CD6CD}.AppStore|iPhone.ActiveCfg = Release|Any CPU
		{A9140FF4-6C9D-4EBA-A8AA-E50CCD5CD6CD}.AppStore|iPhone.Build.0 = Release|Any CPU
		{A9140FF4-6C9D-4EBA-A8AA-E50CCD5CD6CD}.AppStore|iPhone.Deploy.0 = Release|Any CPU
		{A9140FF4-6C9D-4EBA-A8AA-E50CCD5CD6CD}.AppStore|iPhoneSimulator.ActiveCfg = Release|Any CPU
		{A9140FF4-6C9D-4EBA-A8AA-E50CCD5CD6CD}.AppStore|iPhoneSimulator.Build.0 = Release|Any CPU
		{A9140FF4-6C9D-4EBA-A8AA-E50CCD5CD6CD}.AppStore|iPhoneSimulator.Deploy.0 = Release|Any CPU
		{A9140FF4-6C9D-4EBA-A8AA-E50CCD5CD6CD}.Debug|Any CPU.ActiveCfg = Debug|Any CPU
		{A9140FF4-6C9D-4EBA-A8AA-E50CCD5CD6CD}.Debug|Any CPU.Build.0 = Debug|Any CPU
		{A9140FF4-6C9D-4EBA-A8AA-E50CCD5CD6CD}.Debug|Any CPU.Deploy.0 = Debug|Any CPU
		{A9140FF4-6C9D-4EBA-A8AA-E50CCD5CD6CD}.Debug|iPhone.ActiveCfg = Debug|Any CPU
		{A9140FF4-6C9D-4EBA-A8AA-E50CCD5CD6CD}.Debug|iPhone.Build.0 = Debug|Any CPU
		{A9140FF4-6C9D-4EBA-A8AA-E50CCD5CD6CD}.Debug|iPhone.Deploy.0 = Debug|Any CPU
		{A9140FF4-6C9D-4EBA-A8AA-E50CCD5CD6CD}.Debug|iPhoneSimulator.ActiveCfg = Debug|Any CPU
		{A9140FF4-6C9D-4EBA-A8AA-E50CCD5CD6CD}.Debug|iPhoneSimulator.Build.0 = Debug|Any CPU
		{A9140FF4-6C9D-4EBA-A8AA-E50CCD5CD6CD}.Debug|iPhoneSimulator.Deploy.0 = Debug|Any CPU
		{A9140FF4-6C9D-4EBA-A8AA-E50CCD5CD6CD}.Release|Any CPU.ActiveCfg = Release|Any CPU
		{A9140FF4-6C9D-4EBA-A8AA-E50CCD5CD6CD}.Release|Any CPU.Build.0 = Release|Any CPU
		{A9140FF4-6C9D-4EBA-A8AA-E50CCD5CD6CD}.Release|Any CPU.Deploy.0 = Release|Any CPU
		{A9140FF4-6C9D-4EBA-A8AA-E50CCD5CD6CD}.Release|iPhone.ActiveCfg = Release|Any CPU
		{A9140FF4-6C9D-4EBA-A8AA-E50CCD5CD6CD}.Release|iPhone.Build.0 = Release|Any CPU
		{A9140FF4-6C9D-4EBA-A8AA-E50CCD5CD6CD}.Release|iPhone.Deploy.0 = Release|Any CPU
		{A9140FF4-6C9D-4EBA-A8AA-E50CCD5CD6CD}.Release|iPhoneSimulator.ActiveCfg = Release|Any CPU
		{A9140FF4-6C9D-4EBA-A8AA-E50CCD5CD6CD}.Release|iPhoneSimulator.Build.0 = Release|Any CPU
		{A9140FF4-6C9D-4EBA-A8AA-E50CCD5CD6CD}.Release|iPhoneSimulator.Deploy.0 = Release|Any CPU
		{5C82A378-FC14-4698-BF5C-7FF62F4E25D2}.Ad-Hoc|Any CPU.ActiveCfg = Ad-Hoc|iPhone
		{5C82A378-FC14-4698-BF5C-7FF62F4E25D2}.Ad-Hoc|iPhone.ActiveCfg = Ad-Hoc|iPhone
		{5C82A378-FC14-4698-BF5C-7FF62F4E25D2}.Ad-Hoc|iPhone.Build.0 = Ad-Hoc|iPhone
		{5C82A378-FC14-4698-BF5C-7FF62F4E25D2}.Ad-Hoc|iPhoneSimulator.ActiveCfg = Ad-Hoc|iPhoneSimulator
		{5C82A378-FC14-4698-BF5C-7FF62F4E25D2}.Ad-Hoc|iPhoneSimulator.Build.0 = Ad-Hoc|iPhoneSimulator
		{5C82A378-FC14-4698-BF5C-7FF62F4E25D2}.AppStore|Any CPU.ActiveCfg = AppStore|iPhone
		{5C82A378-FC14-4698-BF5C-7FF62F4E25D2}.AppStore|iPhone.ActiveCfg = AppStore|iPhone
		{5C82A378-FC14-4698-BF5C-7FF62F4E25D2}.AppStore|iPhone.Build.0 = AppStore|iPhone
		{5C82A378-FC14-4698-BF5C-7FF62F4E25D2}.AppStore|iPhoneSimulator.ActiveCfg = AppStore|iPhoneSimulator
		{5C82A378-FC14-4698-BF5C-7FF62F4E25D2}.AppStore|iPhoneSimulator.Build.0 = AppStore|iPhoneSimulator
		{5C82A378-FC14-4698-BF5C-7FF62F4E25D2}.Debug|Any CPU.ActiveCfg = Debug|iPhone
		{5C82A378-FC14-4698-BF5C-7FF62F4E25D2}.Debug|iPhone.ActiveCfg = Debug|iPhone
		{5C82A378-FC14-4698-BF5C-7FF62F4E25D2}.Debug|iPhone.Build.0 = Debug|iPhone
		{5C82A378-FC14-4698-BF5C-7FF62F4E25D2}.Debug|iPhoneSimulator.ActiveCfg = Debug|iPhoneSimulator
		{5C82A378-FC14-4698-BF5C-7FF62F4E25D2}.Debug|iPhoneSimulator.Build.0 = Debug|iPhoneSimulator
		{5C82A378-FC14-4698-BF5C-7FF62F4E25D2}.Release|Any CPU.ActiveCfg = Release|iPhone
		{5C82A378-FC14-4698-BF5C-7FF62F4E25D2}.Release|iPhone.ActiveCfg = Release|iPhone
		{5C82A378-FC14-4698-BF5C-7FF62F4E25D2}.Release|iPhone.Build.0 = Release|iPhone
		{5C82A378-FC14-4698-BF5C-7FF62F4E25D2}.Release|iPhoneSimulator.ActiveCfg = Release|iPhoneSimulator
		{5C82A378-FC14-4698-BF5C-7FF62F4E25D2}.Release|iPhoneSimulator.Build.0 = Release|iPhoneSimulator
		{15D1287A-FE95-4D2E-B88C-7D9DEDA2EADB}.Ad-Hoc|Any CPU.ActiveCfg = Debug|Any CPU
		{15D1287A-FE95-4D2E-B88C-7D9DEDA2EADB}.Ad-Hoc|Any CPU.Build.0 = Debug|Any CPU
		{15D1287A-FE95-4D2E-B88C-7D9DEDA2EADB}.Ad-Hoc|iPhone.ActiveCfg = Debug|Any CPU
		{15D1287A-FE95-4D2E-B88C-7D9DEDA2EADB}.Ad-Hoc|iPhone.Build.0 = Debug|Any CPU
		{15D1287A-FE95-4D2E-B88C-7D9DEDA2EADB}.Ad-Hoc|iPhoneSimulator.ActiveCfg = Debug|Any CPU
		{15D1287A-FE95-4D2E-B88C-7D9DEDA2EADB}.Ad-Hoc|iPhoneSimulator.Build.0 = Debug|Any CPU
		{15D1287A-FE95-4D2E-B88C-7D9DEDA2EADB}.AppStore|Any CPU.ActiveCfg = Debug|Any CPU
		{15D1287A-FE95-4D2E-B88C-7D9DEDA2EADB}.AppStore|Any CPU.Build.0 = Debug|Any CPU
		{15D1287A-FE95-4D2E-B88C-7D9DEDA2EADB}.AppStore|iPhone.ActiveCfg = Debug|Any CPU
		{15D1287A-FE95-4D2E-B88C-7D9DEDA2EADB}.AppStore|iPhone.Build.0 = Debug|Any CPU
		{15D1287A-FE95-4D2E-B88C-7D9DEDA2EADB}.AppStore|iPhoneSimulator.ActiveCfg = Debug|Any CPU
		{15D1287A-FE95-4D2E-B88C-7D9DEDA2EADB}.AppStore|iPhoneSimulator.Build.0 = Debug|Any CPU
		{15D1287A-FE95-4D2E-B88C-7D9DEDA2EADB}.Debug|Any CPU.ActiveCfg = Debug|Any CPU
		{15D1287A-FE95-4D2E-B88C-7D9DEDA2EADB}.Debug|Any CPU.Build.0 = Debug|Any CPU
		{15D1287A-FE95-4D2E-B88C-7D9DEDA2EADB}.Debug|iPhone.ActiveCfg = Debug|Any CPU
		{15D1287A-FE95-4D2E-B88C-7D9DEDA2EADB}.Debug|iPhone.Build.0 = Debug|Any CPU
		{15D1287A-FE95-4D2E-B88C-7D9DEDA2EADB}.Debug|iPhoneSimulator.ActiveCfg = Debug|Any CPU
		{15D1287A-FE95-4D2E-B88C-7D9DEDA2EADB}.Debug|iPhoneSimulator.Build.0 = Debug|Any CPU
		{15D1287A-FE95-4D2E-B88C-7D9DEDA2EADB}.Release|Any CPU.ActiveCfg = Release|Any CPU
		{15D1287A-FE95-4D2E-B88C-7D9DEDA2EADB}.Release|Any CPU.Build.0 = Release|Any CPU
		{15D1287A-FE95-4D2E-B88C-7D9DEDA2EADB}.Release|iPhone.ActiveCfg = Release|Any CPU
		{15D1287A-FE95-4D2E-B88C-7D9DEDA2EADB}.Release|iPhone.Build.0 = Release|Any CPU
		{15D1287A-FE95-4D2E-B88C-7D9DEDA2EADB}.Release|iPhoneSimulator.ActiveCfg = Release|Any CPU
		{15D1287A-FE95-4D2E-B88C-7D9DEDA2EADB}.Release|iPhoneSimulator.Build.0 = Release|Any CPU
	EndGlobalSection
	GlobalSection(SolutionProperties) = preSolution
		HideSolutionNode = FALSE
	EndGlobalSection
	GlobalSection(ExtensibilityGlobals) = postSolution
		SolutionGuid = {6DC28AA2-D3B9-4856-AB04-3740639F7C35}
	EndGlobalSection
EndGlobal
